// !$*UTF8*$!
{
	archiveVersion = 1;
	classes = {
	};
	objectVersion = 46;
	objects = {

/* Begin PBXBuildFile section */
		095E499691D2E4D2535FE18F /* MobileCoreServices.framework */ = {isa = PBXBuildFile; fileRef = 5EBC4866AFA6AB3FD15D03C0 /* MobileCoreServices.framework */; };
		0D314CD3985262AB247DEF67 /*  */ = {isa = PBXBuildFile; fileRef = 10674212BA67651DDD9603AD /*  */; };
		12D14451946043DA61DEE2BD /* plugin_appodeal_res_bundle/TOWebViewControllerLocalizable.bundle/ */ = {isa = PBXBuildFile; fileRef = BC334370B369538A615D4C73 /* plugin_appodeal_res_bundle/TOWebViewControllerLocalizable.bundle/ */; };
		15A8A4491834C64F00142BE0 /* Icon-114.png */ = {isa = PBXBuildFile; fileRef = 5023810C17EBBCAC00990C9B /* Icon-114.png */; };
		15A8A4881834C90F00142BE0 /* libcurl.dylib */ = {isa = PBXBuildFile; fileRef = 15A8A4871834C90E00142BE0 /* libcurl.dylib */; };
		17174396A1FA4F7A5E4A1A84 /* libsimulator iOS.a */ = {isa = PBXBuildFile; fileRef = 9C144973908E80E9C400DB78 /* libsimulator iOS.a */; };
		1AF4C403178663F200122817 /* libz.dylib */ = {isa = PBXBuildFile; fileRef = 1AF4C402178663F200122817 /* libz.dylib */; };
		1BC94A92AF8C51E0ACB9B3F3 /* GameController.framework */ = {isa = PBXBuildFile; fileRef = 4D5B464EB4BA88FCC4C5A01A /* GameController.framework */; };
		202D4140A33DE0EB8C11FCFA /*  */ = {isa = PBXBuildFile; fileRef = 0A5F41E886F452F7D4426C1D /*  */; };
		2F2F479E8E82FDB69902AF16 /* libz.tbd */ = {isa = PBXBuildFile; fileRef = 0F85499B919EF84B3729B42C /* libz.tbd */; };
		363C49979C473FF417C89E4C /* appodeal_adbadge@2x.png */ = {isa = PBXBuildFile; fileRef = F8C94B83A5B93F8ED5B563BB /* appodeal_adbadge@2x.png */; };
		37514364BC799701FE0EBEC4 /* MessageUI.framework */ = {isa = PBXBuildFile; fileRef = E073472EBEEF6BF7FA3CF9A7 /* MessageUI.framework */; };
		3CA84992A07581AB49196810 /* plugin_appodeal_res_bundle/SVProgressHUD.bundle/ */ = {isa = PBXBuildFile; fileRef = 75EE4A8CB180FB825F264FA2 /* plugin_appodeal_res_bundle/SVProgressHUD.bundle/ */; };
		3EEEDB61197107C0006A9FF8 /* MediaPlayer.framework */ = {isa = PBXBuildFile; fileRef = 3EEEDB60197107C0006A9FF8 /* MediaPlayer.framework */; };
		41ED4F97BCB08200CBE42EAC /* StoreKit.framework */ = {isa = PBXBuildFile; fileRef = AA4D4D0790EEAD4943650545 /* StoreKit.framework */; };
		42F948C29A87A3506C19D459 /* vg_mute_off.png */ = {isa = PBXBuildFile; fileRef = C0E446FAA7A972F2F32C6ECF /* vg_mute_off.png */; };
		431E48C0AFC9A062DDF0B702 /* libcocos2d Mac.a */ = {isa = PBXBuildFile; fileRef = B6EA4C2085449D2D2147E22B /* libcocos2d Mac.a */; };
		45524BB2B3C797C5A5041C54 /* CoreImage.framework */ = {isa = PBXBuildFile; fileRef = 443F4C87A26943526AD878C2 /* CoreImage.framework */; };
		4E3F43E6BC4599BD82F0AA23 /* plugin_appodeal_res_bundle/StartApp.bundle/ */ = {isa = PBXBuildFile; fileRef = 1396452E98627F957F272489 /* plugin_appodeal_res_bundle/StartApp.bundle/ */; };
		4E6947D2BB357AF96BD0845D /* libsimulator Mac.a */ = {isa = PBXBuildFile; fileRef = 5D8B419AB57B2A84011B4759 /* libsimulator Mac.a */; };
		4EA24FB5A12AB233A72FFA7E /* appodeal_adbadge@3x.png */ = {isa = PBXBuildFile; fileRef = F8524CBCB48E2726156CBE15 /* appodeal_adbadge@3x.png */; };
		5023811817EBBCAC00990C9B /* AppController.mm */ = {isa = PBXBuildFile; fileRef = 5023810817EBBCAC00990C9B /* AppController.mm */; };
		5023811917EBBCAC00990C9B /* Default-568h@2x.png */ = {isa = PBXBuildFile; fileRef = 5023810917EBBCAC00990C9B /* Default-568h@2x.png */; };
		5023811A17EBBCAC00990C9B /* Default.png */ = {isa = PBXBuildFile; fileRef = 5023810A17EBBCAC00990C9B /* Default.png */; };
		5023811B17EBBCAC00990C9B /* Default@2x.png */ = {isa = PBXBuildFile; fileRef = 5023810B17EBBCAC00990C9B /* Default@2x.png */; };
		5023811D17EBBCAC00990C9B /* Icon-120.png */ = {isa = PBXBuildFile; fileRef = 5023810D17EBBCAC00990C9B /* Icon-120.png */; };
		5023811E17EBBCAC00990C9B /* Icon-144.png */ = {isa = PBXBuildFile; fileRef = 5023810E17EBBCAC00990C9B /* Icon-144.png */; };
		5023811F17EBBCAC00990C9B /* Icon-152.png */ = {isa = PBXBuildFile; fileRef = 5023810F17EBBCAC00990C9B /* Icon-152.png */; };
		5023812017EBBCAC00990C9B /* Icon-57.png */ = {isa = PBXBuildFile; fileRef = 5023811017EBBCAC00990C9B /* Icon-57.png */; };
		5023812117EBBCAC00990C9B /* Icon-72.png */ = {isa = PBXBuildFile; fileRef = 5023811117EBBCAC00990C9B /* Icon-72.png */; };
		5023812217EBBCAC00990C9B /* Icon-76.png */ = {isa = PBXBuildFile; fileRef = 5023811217EBBCAC00990C9B /* Icon-76.png */; };
		5023812417EBBCAC00990C9B /* main.m */ = {isa = PBXBuildFile; fileRef = 5023811417EBBCAC00990C9B /* main.m */; };
		5023812517EBBCAC00990C9B /* RootViewController.mm */ = {isa = PBXBuildFile; fileRef = 5023811717EBBCAC00990C9B /* RootViewController.mm */; };
		5023813317EBBCE400990C9B /* AppDelegate.cpp */ = {isa = PBXBuildFile; fileRef = F293BB7E15EB831F00256477 /* AppDelegate.cpp */; };
		5023813717EBBCE400990C9B /* libz.dylib */ = {isa = PBXBuildFile; fileRef = 1AF4C402178663F200122817 /* libz.dylib */; };
		5023813E17EBBCE400990C9B /* QuartzCore.framework */ = {isa = PBXBuildFile; fileRef = F293B3CC15EB7BE500256477 /* QuartzCore.framework */; };
		5023814017EBBCE400990C9B /* OpenAL.framework */ = {isa = PBXBuildFile; fileRef = F293B3D015EB7BE500256477 /* OpenAL.framework */; };
		5023814117EBBCE400990C9B /* AudioToolbox.framework */ = {isa = PBXBuildFile; fileRef = F293B3D215EB7BE500256477 /* AudioToolbox.framework */; };
		5023814417EBBCE400990C9B /* Foundation.framework */ = {isa = PBXBuildFile; fileRef = F293B3D815EB7BE500256477 /* Foundation.framework */; };
		5023814517EBBCE400990C9B /* CoreGraphics.framework */ = {isa = PBXBuildFile; fileRef = F293B3DA15EB7BE500256477 /* CoreGraphics.framework */; };
		5023817617EBBE3400990C9B /* Icon.icns */ = {isa = PBXBuildFile; fileRef = 5023817217EBBE3400990C9B /* Icon.icns */; };
		5023817A17EBBE8300990C9B /* OpenGLES.framework */ = {isa = PBXBuildFile; fileRef = 5023817917EBBE8300990C9B /* OpenGLES.framework */; };
		50805AAF17EBBEAA004CFAD3 /* UIKit.framework */ = {isa = PBXBuildFile; fileRef = 50805AAE17EBBEAA004CFAD3 /* UIKit.framework */; };
		5091733617ECE17A00D62437 /* Icon-29.png */ = {isa = PBXBuildFile; fileRef = 5091733017ECE17A00D62437 /* Icon-29.png */; };
		5091733717ECE17A00D62437 /* Icon-40.png */ = {isa = PBXBuildFile; fileRef = 5091733117ECE17A00D62437 /* Icon-40.png */; };
		5091733817ECE17A00D62437 /* Icon-50.png */ = {isa = PBXBuildFile; fileRef = 5091733217ECE17A00D62437 /* Icon-50.png */; };
		5091733917ECE17A00D62437 /* Icon-58.png */ = {isa = PBXBuildFile; fileRef = 5091733317ECE17A00D62437 /* Icon-58.png */; };
		5091733A17ECE17A00D62437 /* Icon-80.png */ = {isa = PBXBuildFile; fileRef = 5091733417ECE17A00D62437 /* Icon-80.png */; };
		5091733B17ECE17A00D62437 /* Icon-100.png */ = {isa = PBXBuildFile; fileRef = 5091733517ECE17A00D62437 /* Icon-100.png */; };
		50D7C96C17EBBEDF005D0B91 /* OpenGL.framework */ = {isa = PBXBuildFile; fileRef = 50D7C96B17EBBEDF005D0B91 /* OpenGL.framework */; };
		50D7C96E17EBBEE6005D0B91 /* AppKit.framework */ = {isa = PBXBuildFile; fileRef = 50D7C96D17EBBEE6005D0B91 /* AppKit.framework */; };
		50D7C97017EBBEEC005D0B91 /* IOKit.framework */ = {isa = PBXBuildFile; fileRef = 50D7C96F17EBBEEC005D0B91 /* IOKit.framework */; };
		51174DD28E4A7872987F5A45 /* Social.framework */ = {isa = PBXBuildFile; fileRef = 7E734F33B59468363CAA7746 /* Social.framework */; };
		5200BECA1A53D9A500AC45E4 /* Security.framework */ = {isa = PBXBuildFile; fileRef = 5200BEC91A53D9A500AC45E4 /* Security.framework */; };
		521A8E7019F0C3D200D177D7 /* Default-667h@2x.png */ = {isa = PBXBuildFile; fileRef = 521A8E6E19F0C3D200D177D7 /* Default-667h@2x.png */; };
		521A8E7119F0C3D200D177D7 /* Default-736h@3x.png */ = {isa = PBXBuildFile; fileRef = 521A8E6F19F0C3D200D177D7 /* Default-736h@3x.png */; };
		52344180BA76F073B452539B /* Appodeal.framework */ = {isa = PBXBuildFile; fileRef = 0EB845B1945A8565F0C63BD7 /* Appodeal.framework */; };
		5AC8426980F384DC960D5855 /* plugin_appodeal_res_bundle/MRAID.bundle/ */ = {isa = PBXBuildFile; fileRef = 76B5498FADD714289C2D58DF /* plugin_appodeal_res_bundle/MRAID.bundle/ */; };
		602B4E948A70CA01D39B2690 /* appodeal_pattern@2x.png */ = {isa = PBXBuildFile; fileRef = 00124BA1BE06EE30A379F429 /* appodeal_pattern@2x.png */; };
		68C84A3A814C3F7D7C787B94 /* TOWebViewControllerLocalizable.strings */ = {isa = PBXBuildFile; fileRef = D47B4B18A00900576A498A50 /* TOWebViewControllerLocalizable.strings */; };
		690044D585915DCCE872C5EA /* vg_cta.png */ = {isa = PBXBuildFile; fileRef = 6A8E4870B6C88BE88DCCA8C8 /* vg_cta.png */; };
		699D4F12A27D87E97968DCA1 /* appodeal_pattern.png */ = {isa = PBXBuildFile; fileRef = A05048418171D5AAF7133CE6 /* appodeal_pattern.png */; };
		70D841DF804F0B99B5FD6F3F /* CoreTelephony.framework */ = {isa = PBXBuildFile; fileRef = 1A9B447DB7DD4E49594C159F /* CoreTelephony.framework */; };
		78414941990C201EA42EE0AC /* libcocos2d iOS.a */ = {isa = PBXBuildFile; fileRef = 49544A22B47E46D2D56B2786 /* libcocos2d iOS.a */; };
		81E4475D9B1C6D36DF0CB581 /* sdkbox.framework */ = {isa = PBXBuildFile; fileRef = F72A45E3A485D0B2DA7648CC /* sdkbox.framework */; };
		871D36221AF0AF6F00EC122C /* RuntimeLuaImpl.cpp */ = {isa = PBXBuildFile; fileRef = 9FB6C06B1A69863D00945236 /* RuntimeLuaImpl.cpp */; };
		871D36231AF0AF7F00EC122C /* lua_debugger.c */ = {isa = PBXBuildFile; fileRef = 9FB6C0691A69863D00945236 /* lua_debugger.c */; };
		87EB60251A7271B60085F57C /* ConsoleWindow.xib */ = {isa = PBXBuildFile; fileRef = 87EB60271A7271B60085F57C /* ConsoleWindow.xib */; };
		889043D883372E8F86715ED5 /* vg_privacy.png */ = {isa = PBXBuildFile; fileRef = 374A4FB5AE3FD4A3E3029A8F /* vg_privacy.png */; };
		89124326B7B3DD60496A4D71 /* appodeal_adbadge.png */ = {isa = PBXBuildFile; fileRef = 0A424E6BB84C4B0860398BA3 /* appodeal_adbadge.png */; };
		89834102AF43C522EAC3B481 /* PluginAppodealLua.cpp */ = {isa = PBXBuildFile; fileRef = D4EE41A192D48EBEC1F6F85F /* PluginAppodealLua.cpp */; };
		8B6048C6934322E1BA73D824 /* SDKBoxLuaHelper.cpp */ = {isa = PBXBuildFile; fileRef = 85F742B08258109E51767654 /* SDKBoxLuaHelper.cpp */; };
		8C924F2AB6E158EED63D02F7 /* AdSupport.framework */ = {isa = PBXBuildFile; fileRef = DA2842D8BA140FABFCD02D1D /* AdSupport.framework */; };
		8F45462FB6E280FF57753D4D /* WebKit.framework */ = {isa = PBXBuildFile; fileRef = B4584B289223AF320F1CA84C /* WebKit.framework */; };
		95D944828016409C39D2B93F /*  */ = {isa = PBXBuildFile; fileRef = 3160476D90092CD6F167F96E /*  */; };
		97014028A0DB0054D231DB2D /* libxml2.2.tbd */ = {isa = PBXBuildFile; fileRef = 599449EEB2FD95DA0B1FB0E8 /* libxml2.2.tbd */; };
		97604E8B9142E7B4376B4086 /* Twitter.framework */ = {isa = PBXBuildFile; fileRef = 85B841B0AE7E3D0F9FB23F8F /* Twitter.framework */; };
		98DB4BD48480246CF0B331A8 /* EventKitUI.framework */ = {isa = PBXBuildFile; fileRef = 26EC46889E79190ABA0B4250 /* EventKitUI.framework */; };
		9B094669B81B75587EA8FB0F /* plugin_appodeal_res_bundle/UnityAds.bundle/ */ = {isa = PBXBuildFile; fileRef = BC1043DEA4F8D0794B1A17DA /* plugin_appodeal_res_bundle/UnityAds.bundle/ */; };
		9FB6C06D1A69863D00945236 /* lua_debugger.h */ = {isa = PBXBuildFile; fileRef = 9FB6C06A1A69863D00945236 /* lua_debugger.h */; };
		9FB6C06E1A69863D00945236 /* lua_debugger.c */ = {isa = PBXBuildFile; fileRef = 9FB6C0691A69863D00945236 /* lua_debugger.c */; };
		9FB6C06F1A69863D00945236 /* RuntimeLuaImpl.h */ = {isa = PBXBuildFile; fileRef = 9FB6C06C1A69863D00945236 /* RuntimeLuaImpl.h */; };
		9FB6C0701A69863D00945236 /* RuntimeLuaImpl.cpp */ = {isa = PBXBuildFile; fileRef = 9FB6C06B1A69863D00945236 /* RuntimeLuaImpl.cpp */; };
		9FC760431A67791200D1E6E7 /* lang */ = {isa = PBXBuildFile; fileRef = 9FC760401A67791200D1E6E7 /* lang */; };
		9FC760451A677A4A00D1E6E7 /* SimpleConfigParser.cpp */ = {isa = PBXBuildFile; fileRef = 9FC760411A67791200D1E6E7 /* SimpleConfigParser.cpp */; };
		9FF504851A5E87B100AFDA55 /* ConsoleWindowController.m */ = {isa = PBXBuildFile; fileRef = 9FF504831A5E87B100AFDA55 /* ConsoleWindowController.m */; };
		9FFC07361A4A764100AED399 /* MainMenu.xib */ = {isa = PBXBuildFile; fileRef = 9FFC07341A4A764100AED399 /* MainMenu.xib */; };
		A0974812853448D5EDC96CED /* MPDAAIcon@3x.png */ = {isa = PBXBuildFile; fileRef = A8034AC4B63625E341C1DEE9 /* MPDAAIcon@3x.png */; };
		A15240AB8D603BCBE0521E25 /* libluacocos2d Mac.a */ = {isa = PBXBuildFile; fileRef = B2B745358ABB58026A260491 /* libluacocos2d Mac.a */; };
		A38C4429A67F9116188DCFF4 /* vg_close.png */ = {isa = PBXBuildFile; fileRef = 0F6C426D8B189EC387315287 /* vg_close.png */; };
		A45B427D812C8AE8A6A9D58A /* MPCloseButtonX@3x.png */ = {isa = PBXBuildFile; fileRef = 94234F889A948F84C25DFAF8 /* MPCloseButtonX@3x.png */; };
		A61F4047BAEB759F4D2D207A /* PluginAppodeal.framework */ = {isa = PBXBuildFile; fileRef = CE284700A4F22C5AD88A8874 /* PluginAppodeal.framework */; };
		A73F4FEFA8743A04DB267FC3 /* EventKit.framework */ = {isa = PBXBuildFile; fileRef = 58E743A6BF1F9778DFEDEAFC /* EventKit.framework */; };
		B0744A00A1B7972058CDFE32 /* libsqlite3.tbd */ = {isa = PBXBuildFile; fileRef = 7B0B432CABA02D777F3A59A9 /* libsqlite3.tbd */; };
		B0CA459D8A0228941D3ABE40 /*  */ = {isa = PBXBuildFile; fileRef = DDA449F18227124F72F35971 /*  */; };
		B48D425F8A78FE29BD6EB4E0 /* plugin_appodeal_res_bundle/RFMAdSDK.bundle/ */ = {isa = PBXBuildFile; fileRef = 610741A6A549FCD596B12EE7 /* plugin_appodeal_res_bundle/RFMAdSDK.bundle/ */; };
		C03781B918BF655400FE4F13 /* res */ = {isa = PBXBuildFile; fileRef = C03781B718BF655400FE4F13 /* res */; };
		C03781BA18BF655400FE4F13 /* res */ = {isa = PBXBuildFile; fileRef = C03781B718BF655400FE4F13 /* res */; };
		C03781BB18BF655400FE4F13 /* src */ = {isa = PBXBuildFile; fileRef = C03781B818BF655400FE4F13 /* src */; };
		C03781BC18BF655400FE4F13 /* src */ = {isa = PBXBuildFile; fileRef = C03781B818BF655400FE4F13 /* src */; };
		C05D1C121923449100B808A4 /* config.json */ = {isa = PBXBuildFile; fileRef = C05D1C111923449100B808A4 /* config.json */; };
		C05D1C131923449100B808A4 /* config.json */ = {isa = PBXBuildFile; fileRef = C05D1C111923449100B808A4 /* config.json */; };
		C07828F818B4D72E00BD2287 /* main.m */ = {isa = PBXBuildFile; fileRef = C07828F418B4D72E00BD2287 /* main.m */; };
		C07828FA18B4D72E00BD2287 /* SimulatorApp.mm */ = {isa = PBXBuildFile; fileRef = C07828F718B4D72E00BD2287 /* SimulatorApp.mm */; };
		C9464DD9A23C55184E38EEE6 /* MPCloseButtonX.png */ = {isa = PBXBuildFile; fileRef = 53284D77899F3747224AA585 /* MPCloseButtonX.png */; };
		CBC74AF895EFEC8A41B306EF /* CoreMedia.framework */ = {isa = PBXBuildFile; fileRef = CE3D466488002474A7860064 /* CoreMedia.framework */; };
		CC854017A745B5D2C16C44FA /*  */ = {isa = PBXBuildFile; fileRef = 6ED84114B71842F12507AC5A /*  */; };
		D36E4535841995E946843066 /* CoreFoundation.framework */ = {isa = PBXBuildFile; fileRef = 05074E60892E81E43E7FF22C /* CoreFoundation.framework */; };
		D5A542958DA04EA14AB63306 /*  */ = {isa = PBXBuildFile; fileRef = 519B4F26927AC63FF3AD1B8D /*  */; };
		D6B061351803AC000077942B /* CoreMotion.framework */ = {isa = PBXBuildFile; fileRef = D6B061341803AC000077942B /* CoreMotion.framework */; };
		DA9E7D881AB1ABCC004B27C8 /* Security.framework */ = {isa = PBXBuildFile; fileRef = DA9E7D871AB1ABCC004B27C8 /* Security.framework */; };
		DF584170BE40141481AD35FA /* libc++.tbd */ = {isa = PBXBuildFile; fileRef = DD544698B789B0F22F783DED /* libc++.tbd */; };
		EFC54781BE8CCAA79C833DF6 /* CoreLocation.framework */ = {isa = PBXBuildFile; fileRef = 49354C978391571AA57E0CEE /* CoreLocation.framework */; };
		EFE64F3A90ACD812194FE991 /* MPAdBrowserController.nib */ = {isa = PBXBuildFile; fileRef = FBA0495C8DFF7728D39CC5FA /* MPAdBrowserController.nib */; };
		F04244E7B146853B47B26629 /* PluginAppodealLuaHelper.cpp */ = {isa = PBXBuildFile; fileRef = 59BA49EFB96533B5B1C02267 /* PluginAppodealLuaHelper.cpp */; };
		F1E7472593C563DE0F64B732 /* MPCloseButtonX@2x.png */ = {isa = PBXBuildFile; fileRef = 8D93411595E50BDE7518B2B9 /* MPCloseButtonX@2x.png */; };
		F293B3CD15EB7BE500256477 /* QuartzCore.framework */ = {isa = PBXBuildFile; fileRef = F293B3CC15EB7BE500256477 /* QuartzCore.framework */; };
		F293B3D115EB7BE500256477 /* OpenAL.framework */ = {isa = PBXBuildFile; fileRef = F293B3D015EB7BE500256477 /* OpenAL.framework */; };
		F293B3D315EB7BE500256477 /* AudioToolbox.framework */ = {isa = PBXBuildFile; fileRef = F293B3D215EB7BE500256477 /* AudioToolbox.framework */; };
		F293B3D515EB7BE500256477 /* AVFoundation.framework */ = {isa = PBXBuildFile; fileRef = F293B3D415EB7BE500256477 /* AVFoundation.framework */; };
		F293B3D915EB7BE500256477 /* Foundation.framework */ = {isa = PBXBuildFile; fileRef = F293B3D815EB7BE500256477 /* Foundation.framework */; };
		F293B3DB15EB7BE500256477 /* CoreGraphics.framework */ = {isa = PBXBuildFile; fileRef = F293B3DA15EB7BE500256477 /* CoreGraphics.framework */; };
		F293BB9C15EB831F00256477 /* AppDelegate.cpp */ = {isa = PBXBuildFile; fileRef = F293BB7E15EB831F00256477 /* AppDelegate.cpp */; };
		F6E64E0D994713F1FD2C258F /* SystemConfiguration.framework */ = {isa = PBXBuildFile; fileRef = 484247718C5369D5AD9F4E5D /* SystemConfiguration.framework */; };
		F76442F2AC39DCFB62E6EB1A /* libluacocos2d iOS.a */ = {isa = PBXBuildFile; fileRef = 50B24C369E60A2312B2B2253 /* libluacocos2d iOS.a */; };
		F8434EBAB7E767A1F3F00A70 /* __vungle.db */ = {isa = PBXBuildFile; fileRef = 66F449A8B4C2BADA9D164514 /* __vungle.db */; };
		FAC148A1AF3CBB33880C2257 /* MPDAAIcon@2x.png */ = {isa = PBXBuildFile; fileRef = 9A1548B987D1ED27549B748C /* MPDAAIcon@2x.png */; };
		FB1F46E6A1EBFC488A8596CB /* InfoPlist.strings */ = {isa = PBXBuildFile; fileRef = 16C8438B974E88FDC6C200DF /* InfoPlist.strings */; };
		FE3847A69A87466E987BAF1D /* MPDAAIcon.png */ = {isa = PBXBuildFile; fileRef = BF4B4A278F565C3413C4D156 /* MPDAAIcon.png */; };
		FF76401995890F54C434A26D /* vg_mute_on.png */ = {isa = PBXBuildFile; fileRef = EB5049A59C65AD610267702C /* vg_mute_on.png */; };
/* End PBXBuildFile section */

/* Begin PBXFileReference section */
		00124BA1BE06EE30A379F429 /* appodeal_pattern@2x.png */ = {isa = PBXFileReference; lastKnownFileType = image.png; name = "appodeal_pattern@2x.png"; path = "plugin_appodeal_res_bundle/appodeal_pattern@2x.png"; sourceTree = SOURCE_ROOT; };
		02474E8DBA41B7E811A1793F /* pl */ = {isa = PBXFileReference; lastKnownFileType = "?"; name = pl; path = plugin_appodeal_res_bundle/TOWebViewControllerLocalizable.bundle/pl.lproj/TOWebViewControllerLocalizable.strings; sourceTree = SOURCE_ROOT; };
		05074E60892E81E43E7FF22C /* CoreFoundation.framework */ = {isa = PBXFileReference; lastKnownFileType = wrapper.framework; name = CoreFoundation.framework; path = Platforms/iPhoneOS.platform/Developer/SDKs/iPhoneOS.sdk/System/Library/Frameworks/CoreFoundation.framework; sourceTree = DEVELOPER_DIR; };
		06784C2ABFB2951797A3AE30 /* en */ = {isa = PBXFileReference; lastKnownFileType = "?"; name = en; path = plugin_appodeal_res_bundle/TOWebViewControllerLocalizable.bundle/en.lproj/TOWebViewControllerLocalizable.strings; sourceTree = SOURCE_ROOT; };
		0A424E6BB84C4B0860398BA3 /* appodeal_adbadge.png */ = {isa = PBXFileReference; lastKnownFileType = image.png; name = appodeal_adbadge.png; path = plugin_appodeal_res_bundle/appodeal_adbadge.png; sourceTree = SOURCE_ROOT; };
		0A5F41E886F452F7D4426C1D /*  */ = {isa = PBXFileReference; lastKnownFileType = "?"; name = ""; path = plugin_appodeal_res_bundle/StartApp.bundle/; sourceTree = SOURCE_ROOT; };
		0EB845B1945A8565F0C63BD7 /* Appodeal.framework */ = {isa = PBXFileReference; lastKnownFileType = wrapper.framework; path = Appodeal.framework; sourceTree = SOURCE_ROOT; };
		0F6C426D8B189EC387315287 /* vg_close.png */ = {isa = PBXFileReference; lastKnownFileType = image.png; name = vg_close.png; path = plugin_appodeal_res_bundle/vg_close.png; sourceTree = SOURCE_ROOT; };
		0F85499B919EF84B3729B42C /* libz.tbd */ = {isa = PBXFileReference; lastKnownFileType = file.tbd; name = libz.tbd; path = Platforms/iPhoneOS.platform/Developer/SDKs/iPhoneOS.sdk/usr/lib/libz.tbd; sourceTree = DEVELOPER_DIR; };
		10674212BA67651DDD9603AD /*  */ = {isa = PBXFileReference; lastKnownFileType = "?"; name = ""; path = plugin_appodeal_res_bundle/SVProgressHUD.bundle/; sourceTree = SOURCE_ROOT; };
		1396452E98627F957F272489 /* plugin_appodeal_res_bundle/StartApp.bundle/ */ = {isa = PBXFileReference; lastKnownFileType = "?"; path = plugin_appodeal_res_bundle/StartApp.bundle/; sourceTree = SOURCE_ROOT; };
		15427CE2198F237300DC375D /* lua_module_register.h */ = {isa = PBXFileReference; fileEncoding = 4; lastKnownFileType = sourcecode.c.h; name = lua_module_register.h; path = ../Classes/lua_module_register.h; sourceTree = "<group>"; };
		15A8A4871834C90E00142BE0 /* libcurl.dylib */ = {isa = PBXFileReference; lastKnownFileType = compiled.mach-o.dylib; name = libcurl.dylib; path = usr/lib/libcurl.dylib; sourceTree = SDKROOT; };
		15C1568D1683131500D239F2 /* libcurl.a */ = {isa = PBXFileReference; lastKnownFileType = archive.ar; name = libcurl.a; path = ../../cocos2d-x/cocos2dx/platform/third_party/ios/libraries/libcurl.a; sourceTree = "<group>"; };
		1A9B447DB7DD4E49594C159F /* CoreTelephony.framework */ = {isa = PBXFileReference; lastKnownFileType = wrapper.framework; name = CoreTelephony.framework; path = Platforms/iPhoneOS.platform/Developer/SDKs/iPhoneOS.sdk/System/Library/Frameworks/CoreTelephony.framework; sourceTree = DEVELOPER_DIR; };
		1AF4C402178663F200122817 /* libz.dylib */ = {isa = PBXFileReference; lastKnownFileType = compiled.mach-o.dylib; name = libz.dylib; path = usr/lib/libz.dylib; sourceTree = SDKROOT; };
		21834910BA5D81A4CAF56B43 /* en */ = {isa = PBXFileReference; lastKnownFileType = "?"; name = en; path = plugin_appodeal_res_bundle/RFMAdSDK.bundle/en.lproj/InfoPlist.strings; sourceTree = SOURCE_ROOT; };
		26EC46889E79190ABA0B4250 /* EventKitUI.framework */ = {isa = PBXFileReference; lastKnownFileType = wrapper.framework; name = EventKitUI.framework; path = Platforms/iPhoneOS.platform/Developer/SDKs/iPhoneOS.sdk/System/Library/Frameworks/EventKitUI.framework; sourceTree = DEVELOPER_DIR; };
		281848DEA539423775B01EED /* ja */ = {isa = PBXFileReference; lastKnownFileType = "?"; name = ja; path = plugin_appodeal_res_bundle/TOWebViewControllerLocalizable.bundle/ja.lproj/TOWebViewControllerLocalizable.strings; sourceTree = SOURCE_ROOT; };
		3160476D90092CD6F167F96E /*  */ = {isa = PBXFileReference; lastKnownFileType = "?"; name = ""; path = plugin_appodeal_res_bundle/UnityAds.bundle/; sourceTree = SOURCE_ROOT; };
		374A4FB5AE3FD4A3E3029A8F /* vg_privacy.png */ = {isa = PBXFileReference; lastKnownFileType = image.png; name = vg_privacy.png; path = plugin_appodeal_res_bundle/vg_privacy.png; sourceTree = SOURCE_ROOT; };
		383942D79567EF92BE5F62E1 /* ja */ = {isa = PBXFileReference; lastKnownFileType = "?"; name = ja; path = plugin_appodeal_res_bundle/TOWebViewControllerLocalizable.bundle/ja.lproj/TOWebViewControllerLocalizable.strings; sourceTree = SOURCE_ROOT; };
		3D354B34BDD0C8B187532A71 /* es */ = {isa = PBXFileReference; lastKnownFileType = "?"; name = es; path = plugin_appodeal_res_bundle/TOWebViewControllerLocalizable.bundle/es.lproj/TOWebViewControllerLocalizable.strings; sourceTree = SOURCE_ROOT; };
		3EB51526195187AF006966AA /* CFNetwork.framework */ = {isa = PBXFileReference; lastKnownFileType = wrapper.framework; name = CFNetwork.framework; path = System/Library/Frameworks/CFNetwork.framework; sourceTree = SDKROOT; };
		3EEEDB60197107C0006A9FF8 /* MediaPlayer.framework */ = {isa = PBXFileReference; lastKnownFileType = wrapper.framework; name = MediaPlayer.framework; path = Platforms/iPhoneOS.platform/Developer/SDKs/iPhoneOS7.1.sdk/System/Library/Frameworks/MediaPlayer.framework; sourceTree = DEVELOPER_DIR; };
		443F4C87A26943526AD878C2 /* CoreImage.framework */ = {isa = PBXFileReference; lastKnownFileType = wrapper.framework; name = CoreImage.framework; path = Platforms/iPhoneOS.platform/Developer/SDKs/iPhoneOS.sdk/System/Library/Frameworks/CoreImage.framework; sourceTree = DEVELOPER_DIR; };
		484247718C5369D5AD9F4E5D /* SystemConfiguration.framework */ = {isa = PBXFileReference; lastKnownFileType = wrapper.framework; name = SystemConfiguration.framework; path = Platforms/iPhoneOS.platform/Developer/SDKs/iPhoneOS.sdk/System/Library/Frameworks/SystemConfiguration.framework; sourceTree = DEVELOPER_DIR; };
		49354C978391571AA57E0CEE /* CoreLocation.framework */ = {isa = PBXFileReference; lastKnownFileType = wrapper.framework; name = CoreLocation.framework; path = Platforms/iPhoneOS.platform/Developer/SDKs/iPhoneOS.sdk/System/Library/Frameworks/CoreLocation.framework; sourceTree = DEVELOPER_DIR; };
		49544A22B47E46D2D56B2786 /* libcocos2d iOS.a */ = {isa = PBXFileReference; lastKnownFileType = archive.ar; name = "libcocos2d iOS.a"; path = "../../../../cocos2d-x-3.6-lib/prebuilt/ios/libcocos2d iOS.a"; sourceTree = "<absolute>"; };
		4D5742E1A397574515331561 /* de */ = {isa = PBXFileReference; lastKnownFileType = "?"; name = de; path = plugin_appodeal_res_bundle/TOWebViewControllerLocalizable.bundle/de.lproj/TOWebViewControllerLocalizable.strings; sourceTree = SOURCE_ROOT; };
		4D5B464EB4BA88FCC4C5A01A /* GameController.framework */ = {isa = PBXFileReference; lastKnownFileType = wrapper.framework; name = GameController.framework; path = Platforms/iPhoneOS.platform/Developer/SDKs/iPhoneOS.sdk/System/Library/Frameworks/GameController.framework; sourceTree = DEVELOPER_DIR; };
		5023810717EBBCAC00990C9B /* AppController.h */ = {isa = PBXFileReference; fileEncoding = 4; lastKnownFileType = sourcecode.c.h; path = AppController.h; sourceTree = "<group>"; };
		5023810817EBBCAC00990C9B /* AppController.mm */ = {isa = PBXFileReference; fileEncoding = 4; lastKnownFileType = sourcecode.cpp.objcpp; path = AppController.mm; sourceTree = "<group>"; };
		5023810917EBBCAC00990C9B /* Default-568h@2x.png */ = {isa = PBXFileReference; lastKnownFileType = image.png; path = "Default-568h@2x.png"; sourceTree = "<group>"; };
		5023810A17EBBCAC00990C9B /* Default.png */ = {isa = PBXFileReference; lastKnownFileType = image.png; path = Default.png; sourceTree = "<group>"; };
		5023810B17EBBCAC00990C9B /* Default@2x.png */ = {isa = PBXFileReference; lastKnownFileType = image.png; path = "Default@2x.png"; sourceTree = "<group>"; };
		5023810C17EBBCAC00990C9B /* Icon-114.png */ = {isa = PBXFileReference; lastKnownFileType = image.png; path = Icon-114.png; sourceTree = "<group>"; };
		5023810D17EBBCAC00990C9B /* Icon-120.png */ = {isa = PBXFileReference; lastKnownFileType = image.png; path = Icon-120.png; sourceTree = "<group>"; };
		5023810E17EBBCAC00990C9B /* Icon-144.png */ = {isa = PBXFileReference; lastKnownFileType = image.png; path = Icon-144.png; sourceTree = "<group>"; };
		5023810F17EBBCAC00990C9B /* Icon-152.png */ = {isa = PBXFileReference; lastKnownFileType = image.png; path = Icon-152.png; sourceTree = "<group>"; };
		5023811017EBBCAC00990C9B /* Icon-57.png */ = {isa = PBXFileReference; lastKnownFileType = image.png; path = Icon-57.png; sourceTree = "<group>"; };
		5023811117EBBCAC00990C9B /* Icon-72.png */ = {isa = PBXFileReference; lastKnownFileType = image.png; path = Icon-72.png; sourceTree = "<group>"; };
		5023811217EBBCAC00990C9B /* Icon-76.png */ = {isa = PBXFileReference; lastKnownFileType = image.png; path = Icon-76.png; sourceTree = "<group>"; };
		5023811317EBBCAC00990C9B /* Info.plist */ = {isa = PBXFileReference; fileEncoding = 4; lastKnownFileType = text.plist.xml; path = Info.plist; sourceTree = "<group>"; };
		5023811417EBBCAC00990C9B /* main.m */ = {isa = PBXFileReference; fileEncoding = 4; lastKnownFileType = sourcecode.c.objc; path = main.m; sourceTree = "<group>"; };
		5023811517EBBCAC00990C9B /* Prefix.pch */ = {isa = PBXFileReference; fileEncoding = 4; lastKnownFileType = sourcecode.c.h; path = Prefix.pch; sourceTree = "<group>"; };
		5023811617EBBCAC00990C9B /* RootViewController.h */ = {isa = PBXFileReference; fileEncoding = 4; lastKnownFileType = sourcecode.c.h; path = RootViewController.h; sourceTree = "<group>"; };
		5023811717EBBCAC00990C9B /* RootViewController.mm */ = {isa = PBXFileReference; fileEncoding = 4; lastKnownFileType = sourcecode.cpp.objcpp; path = RootViewController.mm; sourceTree = "<group>"; };
		5023816B17EBBCE400990C9B /* appodealLua Mac.app */ = {isa = PBXFileReference; explicitFileType = wrapper.application; includeInIndex = 0; path = "appodealLua Mac.app"; sourceTree = BUILT_PRODUCTS_DIR; };
		5023817217EBBE3400990C9B /* Icon.icns */ = {isa = PBXFileReference; lastKnownFileType = image.icns; path = Icon.icns; sourceTree = "<group>"; };
		5023817317EBBE3400990C9B /* Info.plist */ = {isa = PBXFileReference; fileEncoding = 4; lastKnownFileType = text.plist.xml; path = Info.plist; sourceTree = "<group>"; };
		5023817517EBBE3400990C9B /* Prefix.pch */ = {isa = PBXFileReference; fileEncoding = 4; lastKnownFileType = sourcecode.c.h; path = Prefix.pch; sourceTree = "<group>"; };
		5023817917EBBE8300990C9B /* OpenGLES.framework */ = {isa = PBXFileReference; lastKnownFileType = wrapper.framework; name = OpenGLES.framework; path = Platforms/iPhoneOS.platform/Developer/SDKs/iPhoneOS7.0.sdk/System/Library/Frameworks/OpenGLES.framework; sourceTree = DEVELOPER_DIR; };
		50805AAE17EBBEAA004CFAD3 /* UIKit.framework */ = {isa = PBXFileReference; lastKnownFileType = wrapper.framework; name = UIKit.framework; path = Platforms/iPhoneOS.platform/Developer/SDKs/iPhoneOS7.0.sdk/System/Library/Frameworks/UIKit.framework; sourceTree = DEVELOPER_DIR; };
		5091733017ECE17A00D62437 /* Icon-29.png */ = {isa = PBXFileReference; lastKnownFileType = image.png; path = Icon-29.png; sourceTree = "<group>"; };
		5091733117ECE17A00D62437 /* Icon-40.png */ = {isa = PBXFileReference; lastKnownFileType = image.png; path = Icon-40.png; sourceTree = "<group>"; };
		5091733217ECE17A00D62437 /* Icon-50.png */ = {isa = PBXFileReference; lastKnownFileType = image.png; path = Icon-50.png; sourceTree = "<group>"; };
		5091733317ECE17A00D62437 /* Icon-58.png */ = {isa = PBXFileReference; lastKnownFileType = image.png; path = Icon-58.png; sourceTree = "<group>"; };
		5091733417ECE17A00D62437 /* Icon-80.png */ = {isa = PBXFileReference; lastKnownFileType = image.png; path = Icon-80.png; sourceTree = "<group>"; };
		5091733517ECE17A00D62437 /* Icon-100.png */ = {isa = PBXFileReference; lastKnownFileType = image.png; path = Icon-100.png; sourceTree = "<group>"; };
		50B24C369E60A2312B2B2253 /* libluacocos2d iOS.a */ = {isa = PBXFileReference; lastKnownFileType = archive.ar; name = "libluacocos2d iOS.a"; path = "../../../../cocos2d-x-3.6-lib/prebuilt/ios/libluacocos2d iOS.a"; sourceTree = "<absolute>"; };
		50D7C96B17EBBEDF005D0B91 /* OpenGL.framework */ = {isa = PBXFileReference; lastKnownFileType = wrapper.framework; name = OpenGL.framework; path = System/Library/Frameworks/OpenGL.framework; sourceTree = SDKROOT; };
		50D7C96D17EBBEE6005D0B91 /* AppKit.framework */ = {isa = PBXFileReference; lastKnownFileType = wrapper.framework; name = AppKit.framework; path = System/Library/Frameworks/AppKit.framework; sourceTree = SDKROOT; };
		50D7C96F17EBBEEC005D0B91 /* IOKit.framework */ = {isa = PBXFileReference; lastKnownFileType = wrapper.framework; name = IOKit.framework; path = System/Library/Frameworks/IOKit.framework; sourceTree = SDKROOT; };
		519B4F26927AC63FF3AD1B8D /*  */ = {isa = PBXFileReference; lastKnownFileType = "?"; name = ""; path = plugin_appodeal_res_bundle/RFMAdSDK.bundle/; sourceTree = SOURCE_ROOT; };
		5200BEC91A53D9A500AC45E4 /* Security.framework */ = {isa = PBXFileReference; lastKnownFileType = wrapper.framework; name = Security.framework; path = Platforms/iPhoneOS.platform/Developer/SDKs/iPhoneOS8.1.sdk/System/Library/Frameworks/Security.framework; sourceTree = DEVELOPER_DIR; };
		521A8E6E19F0C3D200D177D7 /* Default-667h@2x.png */ = {isa = PBXFileReference; lastKnownFileType = image.png; path = "Default-667h@2x.png"; sourceTree = "<group>"; };
		521A8E6F19F0C3D200D177D7 /* Default-736h@3x.png */ = {isa = PBXFileReference; lastKnownFileType = image.png; path = "Default-736h@3x.png"; sourceTree = "<group>"; };
		53284D77899F3747224AA585 /* MPCloseButtonX.png */ = {isa = PBXFileReference; lastKnownFileType = image.png; name = MPCloseButtonX.png; path = plugin_appodeal_res_bundle/MPCloseButtonX.png; sourceTree = SOURCE_ROOT; };
		570643EFA5A20C14FB8DCB69 /* ru */ = {isa = PBXFileReference; lastKnownFileType = "?"; name = ru; path = plugin_appodeal_res_bundle/TOWebViewControllerLocalizable.bundle/ru.lproj/TOWebViewControllerLocalizable.strings; sourceTree = SOURCE_ROOT; };
		58E743A6BF1F9778DFEDEAFC /* EventKit.framework */ = {isa = PBXFileReference; lastKnownFileType = wrapper.framework; name = EventKit.framework; path = Platforms/iPhoneOS.platform/Developer/SDKs/iPhoneOS.sdk/System/Library/Frameworks/EventKit.framework; sourceTree = DEVELOPER_DIR; };
		599449EEB2FD95DA0B1FB0E8 /* libxml2.2.tbd */ = {isa = PBXFileReference; lastKnownFileType = file.tbd; name = libxml2.2.tbd; path = Platforms/iPhoneOS.platform/Developer/SDKs/iPhoneOS.sdk/usr/lib/libxml2.2.tbd; sourceTree = DEVELOPER_DIR; };
		59BA49EFB96533B5B1C02267 /* PluginAppodealLuaHelper.cpp */ = {isa = PBXFileReference; lastKnownFileType = sourcecode.cpp.cpp; name = PluginAppodealLuaHelper.cpp; path = ../Classes/PluginAppodealLuaHelper.cpp; sourceTree = SOURCE_ROOT; };
		5D7340DE96F1647279FDE226 /* ru */ = {isa = PBXFileReference; lastKnownFileType = "?"; name = ru; path = plugin_appodeal_res_bundle/TOWebViewControllerLocalizable.bundle/ru.lproj/TOWebViewControllerLocalizable.strings; sourceTree = SOURCE_ROOT; };
		5D8B419AB57B2A84011B4759 /* libsimulator Mac.a */ = {isa = PBXFileReference; lastKnownFileType = archive.ar; name = "libsimulator Mac.a"; path = "../../../../cocos2d-x-3.6-lib/prebuilt/mac/libsimulator Mac.a"; sourceTree = "<absolute>"; };
		5EBC4866AFA6AB3FD15D03C0 /* MobileCoreServices.framework */ = {isa = PBXFileReference; lastKnownFileType = wrapper.framework; name = MobileCoreServices.framework; path = Platforms/iPhoneOS.platform/Developer/SDKs/iPhoneOS.sdk/System/Library/Frameworks/MobileCoreServices.framework; sourceTree = DEVELOPER_DIR; };
		610741A6A549FCD596B12EE7 /* plugin_appodeal_res_bundle/RFMAdSDK.bundle/ */ = {isa = PBXFileReference; lastKnownFileType = "?"; path = plugin_appodeal_res_bundle/RFMAdSDK.bundle/; sourceTree = SOURCE_ROOT; };
		634348288B46DB830DED9DE0 /* SDKBoxLuaHelper.h */ = {isa = PBXFileReference; lastKnownFileType = sourcecode.c.h; name = SDKBoxLuaHelper.h; path = ../Classes/SDKBoxLuaHelper.h; sourceTree = SOURCE_ROOT; };
		66F449A8B4C2BADA9D164514 /* __vungle.db */ = {isa = PBXFileReference; lastKnownFileType = "?"; name = __vungle.db; path = plugin_appodeal_res_bundle/__vungle.db; sourceTree = SOURCE_ROOT; };
		6A8E4870B6C88BE88DCCA8C8 /* vg_cta.png */ = {isa = PBXFileReference; lastKnownFileType = image.png; name = vg_cta.png; path = plugin_appodeal_res_bundle/vg_cta.png; sourceTree = SOURCE_ROOT; };
		6C1C4916951880D51A48204E /* zh-Hans */ = {isa = PBXFileReference; lastKnownFileType = "?"; name = zh-Hans; path = plugin_appodeal_res_bundle/TOWebViewControllerLocalizable.bundle/zh-Hans.lproj/TOWebViewControllerLocalizable.strings; sourceTree = SOURCE_ROOT; };
		6ED84114B71842F12507AC5A /*  */ = {isa = PBXFileReference; lastKnownFileType = "?"; name = ""; path = plugin_appodeal_res_bundle/TOWebViewControllerLocalizable.bundle/; sourceTree = SOURCE_ROOT; };
		6F6B4D5A94CB2DF41D393469 /* uk */ = {isa = PBXFileReference; lastKnownFileType = "?"; name = uk; path = plugin_appodeal_res_bundle/TOWebViewControllerLocalizable.bundle/uk.lproj/TOWebViewControllerLocalizable.strings; sourceTree = SOURCE_ROOT; };
		75EE4A8CB180FB825F264FA2 /* plugin_appodeal_res_bundle/SVProgressHUD.bundle/ */ = {isa = PBXFileReference; lastKnownFileType = "?"; path = plugin_appodeal_res_bundle/SVProgressHUD.bundle/; sourceTree = SOURCE_ROOT; };
		76B5498FADD714289C2D58DF /* plugin_appodeal_res_bundle/MRAID.bundle/ */ = {isa = PBXFileReference; lastKnownFileType = "?"; path = plugin_appodeal_res_bundle/MRAID.bundle/; sourceTree = SOURCE_ROOT; };
		7B0B432CABA02D777F3A59A9 /* libsqlite3.tbd */ = {isa = PBXFileReference; lastKnownFileType = file.tbd; name = libsqlite3.tbd; path = Platforms/iPhoneOS.platform/Developer/SDKs/iPhoneOS.sdk/usr/lib/libsqlite3.tbd; sourceTree = DEVELOPER_DIR; };
		7E734F33B59468363CAA7746 /* Social.framework */ = {isa = PBXFileReference; lastKnownFileType = wrapper.framework; name = Social.framework; path = Platforms/iPhoneOS.platform/Developer/SDKs/iPhoneOS.sdk/System/Library/Frameworks/Social.framework; sourceTree = DEVELOPER_DIR; };
		7EEC47B3BDEF7E18FE166389 /* zh-Hant */ = {isa = PBXFileReference; lastKnownFileType = "?"; name = zh-Hant; path = plugin_appodeal_res_bundle/TOWebViewControllerLocalizable.bundle/zh-Hant.lproj/TOWebViewControllerLocalizable.strings; sourceTree = SOURCE_ROOT; };
		827248469CDFC5115D5910A6 /* ko */ = {isa = PBXFileReference; lastKnownFileType = "?"; name = ko; path = plugin_appodeal_res_bundle/TOWebViewControllerLocalizable.bundle/ko.lproj/TOWebViewControllerLocalizable.strings; sourceTree = SOURCE_ROOT; };
		85B841B0AE7E3D0F9FB23F8F /* Twitter.framework */ = {isa = PBXFileReference; lastKnownFileType = wrapper.framework; name = Twitter.framework; path = Platforms/iPhoneOS.platform/Developer/SDKs/iPhoneOS.sdk/System/Library/Frameworks/Twitter.framework; sourceTree = DEVELOPER_DIR; };
		85F742B08258109E51767654 /* SDKBoxLuaHelper.cpp */ = {isa = PBXFileReference; lastKnownFileType = sourcecode.cpp.cpp; name = SDKBoxLuaHelper.cpp; path = ../Classes/SDKBoxLuaHelper.cpp; sourceTree = SOURCE_ROOT; };
		87D44C0E9A91C6F248981BCF /* ko */ = {isa = PBXFileReference; lastKnownFileType = "?"; name = ko; path = plugin_appodeal_res_bundle/TOWebViewControllerLocalizable.bundle/ko.lproj/TOWebViewControllerLocalizable.strings; sourceTree = SOURCE_ROOT; };
		87EB60261A7271B60085F57C /* Base */ = {isa = PBXFileReference; lastKnownFileType = file.xib; name = Base; path = Base.lproj/ConsoleWindow.xib; sourceTree = "<group>"; };
		87EB60281A7271C60085F57C /* zh-Hans */ = {isa = PBXFileReference; lastKnownFileType = text.plist.strings; name = zh-Hans; path = zh-Hans.lproj/ConsoleWindow.strings; sourceTree = "<group>"; };
		8D93411595E50BDE7518B2B9 /* MPCloseButtonX@2x.png */ = {isa = PBXFileReference; lastKnownFileType = image.png; name = "MPCloseButtonX@2x.png"; path = "plugin_appodeal_res_bundle/MPCloseButtonX@2x.png"; sourceTree = SOURCE_ROOT; };
		8F5F497984E79FC7A0DF5944 /* fr */ = {isa = PBXFileReference; lastKnownFileType = "?"; name = fr; path = plugin_appodeal_res_bundle/TOWebViewControllerLocalizable.bundle/fr.lproj/TOWebViewControllerLocalizable.strings; sourceTree = SOURCE_ROOT; };
		94234F889A948F84C25DFAF8 /* MPCloseButtonX@3x.png */ = {isa = PBXFileReference; lastKnownFileType = image.png; name = "MPCloseButtonX@3x.png"; path = "plugin_appodeal_res_bundle/MPCloseButtonX@3x.png"; sourceTree = SOURCE_ROOT; };
		96E54EBB9A442661729C277C /* PluginAppodealLua.hpp */ = {isa = PBXFileReference; lastKnownFileType = sourcecode.c.h; name = PluginAppodealLua.hpp; path = ../Classes/PluginAppodealLua.hpp; sourceTree = SOURCE_ROOT; };
		9A1548B987D1ED27549B748C /* MPDAAIcon@2x.png */ = {isa = PBXFileReference; lastKnownFileType = image.png; name = "MPDAAIcon@2x.png"; path = "plugin_appodeal_res_bundle/MPDAAIcon@2x.png"; sourceTree = SOURCE_ROOT; };
		9C144973908E80E9C400DB78 /* libsimulator iOS.a */ = {isa = PBXFileReference; lastKnownFileType = archive.ar; name = "libsimulator iOS.a"; path = "../../../../cocos2d-x-3.6-lib/prebuilt/ios/libsimulator iOS.a"; sourceTree = "<absolute>"; };
		9FB6C0691A69863D00945236 /* lua_debugger.c */ = {isa = PBXFileReference; fileEncoding = 4; lastKnownFileType = sourcecode.c.c; path = lua_debugger.c; sourceTree = "<group>"; };
		9FB6C06A1A69863D00945236 /* lua_debugger.h */ = {isa = PBXFileReference; fileEncoding = 4; lastKnownFileType = sourcecode.c.h; path = lua_debugger.h; sourceTree = "<group>"; };
		9FB6C06B1A69863D00945236 /* RuntimeLuaImpl.cpp */ = {isa = PBXFileReference; fileEncoding = 4; lastKnownFileType = sourcecode.cpp.cpp; path = RuntimeLuaImpl.cpp; sourceTree = "<group>"; };
		9FB6C06C1A69863D00945236 /* RuntimeLuaImpl.h */ = {isa = PBXFileReference; fileEncoding = 4; lastKnownFileType = sourcecode.c.h; path = RuntimeLuaImpl.h; sourceTree = "<group>"; };
		9FC7603F1A67791200D1E6E7 /* CodeIDESupport.h */ = {isa = PBXFileReference; fileEncoding = 4; lastKnownFileType = sourcecode.c.h; path = CodeIDESupport.h; sourceTree = "<group>"; };
		9FC760401A67791200D1E6E7 /* lang */ = {isa = PBXFileReference; fileEncoding = 4; lastKnownFileType = text; path = lang; sourceTree = "<group>"; };
		9FC760411A67791200D1E6E7 /* SimpleConfigParser.cpp */ = {isa = PBXFileReference; fileEncoding = 4; lastKnownFileType = sourcecode.cpp.cpp; path = SimpleConfigParser.cpp; sourceTree = "<group>"; };
		9FC760421A67791200D1E6E7 /* SimpleConfigParser.h */ = {isa = PBXFileReference; fileEncoding = 4; lastKnownFileType = sourcecode.c.h; path = SimpleConfigParser.h; sourceTree = "<group>"; };
		9FF504821A5E87B100AFDA55 /* ConsoleWindowController.h */ = {isa = PBXFileReference; fileEncoding = 4; lastKnownFileType = sourcecode.c.h; path = ConsoleWindowController.h; sourceTree = "<group>"; };
		9FF504831A5E87B100AFDA55 /* ConsoleWindowController.m */ = {isa = PBXFileReference; fileEncoding = 4; lastKnownFileType = sourcecode.c.objc; path = ConsoleWindowController.m; sourceTree = "<group>"; };
		9FFC07351A4A764100AED399 /* Base */ = {isa = PBXFileReference; lastKnownFileType = file.xib; name = Base; path = Base.lproj/MainMenu.xib; sourceTree = "<group>"; };
		9FFC07371A4A765100AED399 /* zh-Hans */ = {isa = PBXFileReference; lastKnownFileType = file.xib; name = zh-Hans; path = zh-Hans.lproj/MainMenu.xib; sourceTree = "<group>"; };
		A05048418171D5AAF7133CE6 /* appodeal_pattern.png */ = {isa = PBXFileReference; lastKnownFileType = image.png; name = appodeal_pattern.png; path = plugin_appodeal_res_bundle/appodeal_pattern.png; sourceTree = SOURCE_ROOT; };
		A3784353AB38A3B0EF3A0C93 /* es */ = {isa = PBXFileReference; lastKnownFileType = "?"; name = es; path = plugin_appodeal_res_bundle/TOWebViewControllerLocalizable.bundle/es.lproj/TOWebViewControllerLocalizable.strings; sourceTree = SOURCE_ROOT; };
		A59240BA9B0B9DD1F54030B7 /* fr */ = {isa = PBXFileReference; lastKnownFileType = "?"; name = fr; path = plugin_appodeal_res_bundle/TOWebViewControllerLocalizable.bundle/fr.lproj/TOWebViewControllerLocalizable.strings; sourceTree = SOURCE_ROOT; };
		A8034AC4B63625E341C1DEE9 /* MPDAAIcon@3x.png */ = {isa = PBXFileReference; lastKnownFileType = image.png; name = "MPDAAIcon@3x.png"; path = "plugin_appodeal_res_bundle/MPDAAIcon@3x.png"; sourceTree = SOURCE_ROOT; };
		AA17456894569A05AF074514 /* zh-Hans */ = {isa = PBXFileReference; lastKnownFileType = "?"; name = zh-Hans; path = plugin_appodeal_res_bundle/TOWebViewControllerLocalizable.bundle/zh-Hans.lproj/TOWebViewControllerLocalizable.strings; sourceTree = SOURCE_ROOT; };
		AA4D4D0790EEAD4943650545 /* StoreKit.framework */ = {isa = PBXFileReference; lastKnownFileType = wrapper.framework; name = StoreKit.framework; path = Platforms/iPhoneOS.platform/Developer/SDKs/iPhoneOS.sdk/System/Library/Frameworks/StoreKit.framework; sourceTree = DEVELOPER_DIR; };
		AE694D4A8C3E921CB737E962 /* en */ = {isa = PBXFileReference; lastKnownFileType = "?"; name = en; path = plugin_appodeal_res_bundle/TOWebViewControllerLocalizable.bundle/en.lproj/TOWebViewControllerLocalizable.strings; sourceTree = SOURCE_ROOT; };
		B2B745358ABB58026A260491 /* libluacocos2d Mac.a */ = {isa = PBXFileReference; lastKnownFileType = archive.ar; name = "libluacocos2d Mac.a"; path = "../../../../cocos2d-x-3.6-lib/prebuilt/mac/libluacocos2d Mac.a"; sourceTree = "<absolute>"; };
		B4584B289223AF320F1CA84C /* WebKit.framework */ = {isa = PBXFileReference; lastKnownFileType = wrapper.framework; name = WebKit.framework; path = Platforms/iPhoneOS.platform/Developer/SDKs/iPhoneOS.sdk/System/Library/Frameworks/WebKit.framework; sourceTree = DEVELOPER_DIR; };
		B6EA4C2085449D2D2147E22B /* libcocos2d Mac.a */ = {isa = PBXFileReference; lastKnownFileType = archive.ar; name = "libcocos2d Mac.a"; path = "../../../../cocos2d-x-3.6-lib/prebuilt/mac/libcocos2d Mac.a"; sourceTree = "<absolute>"; };
		B9B840088E640B1968D99EFC /* pl */ = {isa = PBXFileReference; lastKnownFileType = "?"; name = pl; path = plugin_appodeal_res_bundle/TOWebViewControllerLocalizable.bundle/pl.lproj/TOWebViewControllerLocalizable.strings; sourceTree = SOURCE_ROOT; };
		BC1043DEA4F8D0794B1A17DA /* plugin_appodeal_res_bundle/UnityAds.bundle/ */ = {isa = PBXFileReference; lastKnownFileType = "?"; path = plugin_appodeal_res_bundle/UnityAds.bundle/; sourceTree = SOURCE_ROOT; };
		BC334370B369538A615D4C73 /* plugin_appodeal_res_bundle/TOWebViewControllerLocalizable.bundle/ */ = {isa = PBXFileReference; lastKnownFileType = "?"; path = plugin_appodeal_res_bundle/TOWebViewControllerLocalizable.bundle/; sourceTree = SOURCE_ROOT; };
		BF4B4A278F565C3413C4D156 /* MPDAAIcon.png */ = {isa = PBXFileReference; lastKnownFileType = image.png; name = MPDAAIcon.png; path = plugin_appodeal_res_bundle/MPDAAIcon.png; sourceTree = SOURCE_ROOT; };
		C03781B718BF655400FE4F13 /* res */ = {isa = PBXFileReference; lastKnownFileType = folder; name = res; path = ../../../res; sourceTree = "<group>"; };
		C03781B818BF655400FE4F13 /* src */ = {isa = PBXFileReference; lastKnownFileType = folder; name = src; path = ../../../src; sourceTree = "<group>"; };
		C05D1C111923449100B808A4 /* config.json */ = {isa = PBXFileReference; fileEncoding = 4; lastKnownFileType = text.json; name = config.json; path = ../../../config.json; sourceTree = "<group>"; };
		C07828F418B4D72E00BD2287 /* main.m */ = {isa = PBXFileReference; fileEncoding = 4; lastKnownFileType = sourcecode.c.objc; path = main.m; sourceTree = "<group>"; };
		C07828F618B4D72E00BD2287 /* SimulatorApp.h */ = {isa = PBXFileReference; fileEncoding = 4; lastKnownFileType = sourcecode.c.h; path = SimulatorApp.h; sourceTree = "<group>"; };
		C07828F718B4D72E00BD2287 /* SimulatorApp.mm */ = {isa = PBXFileReference; fileEncoding = 4; lastKnownFileType = sourcecode.cpp.objcpp; path = SimulatorApp.mm; sourceTree = "<group>"; };
		C08F441E92424AA20732CE8A /* en */ = {isa = PBXFileReference; lastKnownFileType = "?"; name = en; path = plugin_appodeal_res_bundle/UnityAds.bundle/en.lproj/InfoPlist.strings; sourceTree = SOURCE_ROOT; };
		C0E446FAA7A972F2F32C6ECF /* vg_mute_off.png */ = {isa = PBXFileReference; lastKnownFileType = image.png; name = vg_mute_off.png; path = plugin_appodeal_res_bundle/vg_mute_off.png; sourceTree = SOURCE_ROOT; };
		C116448186F0A4C31C500290 /* de */ = {isa = PBXFileReference; lastKnownFileType = "?"; name = de; path = plugin_appodeal_res_bundle/TOWebViewControllerLocalizable.bundle/de.lproj/TOWebViewControllerLocalizable.strings; sourceTree = SOURCE_ROOT; };
		C7A14F15935CDE4D4CE2155D /* zh-Hant */ = {isa = PBXFileReference; lastKnownFileType = "?"; name = zh-Hant; path = plugin_appodeal_res_bundle/TOWebViewControllerLocalizable.bundle/zh-Hant.lproj/TOWebViewControllerLocalizable.strings; sourceTree = SOURCE_ROOT; };
		CDA3402FA2C1423D6A823BF8 /* PluginAppodealLuaHelper.h */ = {isa = PBXFileReference; lastKnownFileType = sourcecode.c.h; name = PluginAppodealLuaHelper.h; path = ../Classes/PluginAppodealLuaHelper.h; sourceTree = SOURCE_ROOT; };
		CE284700A4F22C5AD88A8874 /* PluginAppodeal.framework */ = {isa = PBXFileReference; lastKnownFileType = wrapper.framework; path = PluginAppodeal.framework; sourceTree = SOURCE_ROOT; };
		CE3D466488002474A7860064 /* CoreMedia.framework */ = {isa = PBXFileReference; lastKnownFileType = wrapper.framework; name = CoreMedia.framework; path = Platforms/iPhoneOS.platform/Developer/SDKs/iPhoneOS.sdk/System/Library/Frameworks/CoreMedia.framework; sourceTree = DEVELOPER_DIR; };
		D10E43C19B2FEE20672D5F85 /* en */ = {isa = PBXFileReference; lastKnownFileType = "?"; name = en; path = plugin_appodeal_res_bundle/UnityAds.bundle/en.lproj/InfoPlist.strings; sourceTree = SOURCE_ROOT; };
		D4EE41A192D48EBEC1F6F85F /* PluginAppodealLua.cpp */ = {isa = PBXFileReference; lastKnownFileType = sourcecode.cpp.cpp; name = PluginAppodealLua.cpp; path = ../Classes/PluginAppodealLua.cpp; sourceTree = SOURCE_ROOT; };
		D6B061341803AC000077942B /* CoreMotion.framework */ = {isa = PBXFileReference; lastKnownFileType = wrapper.framework; name = CoreMotion.framework; path = Platforms/iPhoneOS.platform/Developer/SDKs/iPhoneOS7.0.sdk/System/Library/Frameworks/CoreMotion.framework; sourceTree = DEVELOPER_DIR; };
		DA2842D8BA140FABFCD02D1D /* AdSupport.framework */ = {isa = PBXFileReference; lastKnownFileType = wrapper.framework; name = AdSupport.framework; path = Platforms/iPhoneOS.platform/Developer/SDKs/iPhoneOS.sdk/System/Library/Frameworks/AdSupport.framework; sourceTree = DEVELOPER_DIR; };
		DA9E7D871AB1ABCC004B27C8 /* Security.framework */ = {isa = PBXFileReference; lastKnownFileType = wrapper.framework; name = Security.framework; path = System/Library/Frameworks/Security.framework; sourceTree = SDKROOT; };
		DD544698B789B0F22F783DED /* libc++.tbd */ = {isa = PBXFileReference; lastKnownFileType = file.tbd; name = "libc++.tbd"; path = "Platforms/iPhoneOS.platform/Developer/SDKs/iPhoneOS.sdk/usr/lib/libc++.tbd"; sourceTree = DEVELOPER_DIR; };
		DDA449F18227124F72F35971 /*  */ = {isa = PBXFileReference; lastKnownFileType = "?"; name = ""; path = plugin_appodeal_res_bundle/MRAID.bundle/; sourceTree = SOURCE_ROOT; };
		E073472EBEEF6BF7FA3CF9A7 /* MessageUI.framework */ = {isa = PBXFileReference; lastKnownFileType = wrapper.framework; name = MessageUI.framework; path = Platforms/iPhoneOS.platform/Developer/SDKs/iPhoneOS.sdk/System/Library/Frameworks/MessageUI.framework; sourceTree = DEVELOPER_DIR; };
		E36046EEB73AC9BDEF4A2E4C /* en */ = {isa = PBXFileReference; lastKnownFileType = "?"; name = en; path = plugin_appodeal_res_bundle/RFMAdSDK.bundle/en.lproj/InfoPlist.strings; sourceTree = SOURCE_ROOT; };
		EB5049A59C65AD610267702C /* vg_mute_on.png */ = {isa = PBXFileReference; lastKnownFileType = image.png; name = vg_mute_on.png; path = plugin_appodeal_res_bundle/vg_mute_on.png; sourceTree = SOURCE_ROOT; };
		F293B3C815EB7BE500256477 /* appodealLua iOS.app */ = {isa = PBXFileReference; explicitFileType = wrapper.application; includeInIndex = 0; path = "appodealLua iOS.app"; sourceTree = BUILT_PRODUCTS_DIR; };
		F293B3CC15EB7BE500256477 /* QuartzCore.framework */ = {isa = PBXFileReference; lastKnownFileType = wrapper.framework; name = QuartzCore.framework; path = System/Library/Frameworks/QuartzCore.framework; sourceTree = SDKROOT; };
		F293B3CE15EB7BE500256477 /* OpenGLES.framework */ = {isa = PBXFileReference; lastKnownFileType = wrapper.framework; name = OpenGLES.framework; path = System/Library/Frameworks/OpenGLES.framework; sourceTree = SDKROOT; };
		F293B3D015EB7BE500256477 /* OpenAL.framework */ = {isa = PBXFileReference; lastKnownFileType = wrapper.framework; name = OpenAL.framework; path = System/Library/Frameworks/OpenAL.framework; sourceTree = SDKROOT; };
		F293B3D215EB7BE500256477 /* AudioToolbox.framework */ = {isa = PBXFileReference; lastKnownFileType = wrapper.framework; name = AudioToolbox.framework; path = System/Library/Frameworks/AudioToolbox.framework; sourceTree = SDKROOT; };
		F293B3D415EB7BE500256477 /* AVFoundation.framework */ = {isa = PBXFileReference; lastKnownFileType = wrapper.framework; name = AVFoundation.framework; path = System/Library/Frameworks/AVFoundation.framework; sourceTree = SDKROOT; };
		F293B3D615EB7BE500256477 /* UIKit.framework */ = {isa = PBXFileReference; lastKnownFileType = wrapper.framework; name = UIKit.framework; path = System/Library/Frameworks/UIKit.framework; sourceTree = SDKROOT; };
		F293B3D815EB7BE500256477 /* Foundation.framework */ = {isa = PBXFileReference; lastKnownFileType = wrapper.framework; name = Foundation.framework; path = System/Library/Frameworks/Foundation.framework; sourceTree = SDKROOT; };
		F293B3DA15EB7BE500256477 /* CoreGraphics.framework */ = {isa = PBXFileReference; lastKnownFileType = wrapper.framework; name = CoreGraphics.framework; path = System/Library/Frameworks/CoreGraphics.framework; sourceTree = SDKROOT; };
		F293BB7E15EB831F00256477 /* AppDelegate.cpp */ = {isa = PBXFileReference; fileEncoding = 4; lastKnownFileType = sourcecode.cpp.cpp; name = AppDelegate.cpp; path = ../Classes/AppDelegate.cpp; sourceTree = "<group>"; };
		F293BB7F15EB831F00256477 /* AppDelegate.h */ = {isa = PBXFileReference; fileEncoding = 4; lastKnownFileType = sourcecode.c.h; name = AppDelegate.h; path = ../Classes/AppDelegate.h; sourceTree = "<group>"; };
		F72A45E3A485D0B2DA7648CC /* sdkbox.framework */ = {isa = PBXFileReference; lastKnownFileType = wrapper.framework; path = sdkbox.framework; sourceTree = SOURCE_ROOT; };
		F8524CBCB48E2726156CBE15 /* appodeal_adbadge@3x.png */ = {isa = PBXFileReference; lastKnownFileType = image.png; name = "appodeal_adbadge@3x.png"; path = "plugin_appodeal_res_bundle/appodeal_adbadge@3x.png"; sourceTree = SOURCE_ROOT; };
		F8C04D2BB453A46D0E4021B0 /* uk */ = {isa = PBXFileReference; lastKnownFileType = "?"; name = uk; path = plugin_appodeal_res_bundle/TOWebViewControllerLocalizable.bundle/uk.lproj/TOWebViewControllerLocalizable.strings; sourceTree = SOURCE_ROOT; };
		F8C94B83A5B93F8ED5B563BB /* appodeal_adbadge@2x.png */ = {isa = PBXFileReference; lastKnownFileType = image.png; name = "appodeal_adbadge@2x.png"; path = "plugin_appodeal_res_bundle/appodeal_adbadge@2x.png"; sourceTree = SOURCE_ROOT; };
		FBA0495C8DFF7728D39CC5FA /* MPAdBrowserController.nib */ = {isa = PBXFileReference; lastKnownFileType = wrapper.nib; name = MPAdBrowserController.nib; path = plugin_appodeal_res_bundle/MPAdBrowserController.nib; sourceTree = SOURCE_ROOT; };
/* End PBXFileReference section */

/* Begin PBXFrameworksBuildPhase section */
		5023813617EBBCE400990C9B /* Frameworks */ = {
			isa = PBXFrameworksBuildPhase;
			buildActionMask = 2147483647;
			files = (
				DA9E7D881AB1ABCC004B27C8 /* Security.framework */,
				15A8A4881834C90F00142BE0 /* libcurl.dylib */,
				50D7C97017EBBEEC005D0B91 /* IOKit.framework */,
				50D7C96E17EBBEE6005D0B91 /* AppKit.framework */,
				50D7C96C17EBBEDF005D0B91 /* OpenGL.framework */,
				5023813717EBBCE400990C9B /* libz.dylib */,
				5023813E17EBBCE400990C9B /* QuartzCore.framework */,
				5023814017EBBCE400990C9B /* OpenAL.framework */,
				5023814117EBBCE400990C9B /* AudioToolbox.framework */,
				5023814417EBBCE400990C9B /* Foundation.framework */,
				5023814517EBBCE400990C9B /* CoreGraphics.framework */,
				431E48C0AFC9A062DDF0B702 /* libcocos2d Mac.a */,
				A15240AB8D603BCBE0521E25 /* libluacocos2d Mac.a */,
				4E6947D2BB357AF96BD0845D /* libsimulator Mac.a */,
			);
			runOnlyForDeploymentPostprocessing = 0;
		};
		F293B3C515EB7BE500256477 /* Frameworks */ = {
			isa = PBXFrameworksBuildPhase;
			buildActionMask = 2147483647;
			files = (
				5200BECA1A53D9A500AC45E4 /* Security.framework */,
				3EEEDB61197107C0006A9FF8 /* MediaPlayer.framework */,
				D6B061351803AC000077942B /* CoreMotion.framework */,
				1AF4C403178663F200122817 /* libz.dylib */,
				50805AAF17EBBEAA004CFAD3 /* UIKit.framework */,
				5023817A17EBBE8300990C9B /* OpenGLES.framework */,
				F293B3CD15EB7BE500256477 /* QuartzCore.framework */,
				F293B3D115EB7BE500256477 /* OpenAL.framework */,
				F293B3D315EB7BE500256477 /* AudioToolbox.framework */,
				F293B3D515EB7BE500256477 /* AVFoundation.framework */,
				F293B3D915EB7BE500256477 /* Foundation.framework */,
				F293B3DB15EB7BE500256477 /* CoreGraphics.framework */,
				78414941990C201EA42EE0AC /* libcocos2d iOS.a */,
				F76442F2AC39DCFB62E6EB1A /* libluacocos2d iOS.a */,
				17174396A1FA4F7A5E4A1A84 /* libsimulator iOS.a */,
				81E4475D9B1C6D36DF0CB581 /* sdkbox.framework */,
				A61F4047BAEB759F4D2D207A /* PluginAppodeal.framework */,
				52344180BA76F073B452539B /* Appodeal.framework */,
				8C924F2AB6E158EED63D02F7 /* AdSupport.framework */,
				D36E4535841995E946843066 /* CoreFoundation.framework */,
				45524BB2B3C797C5A5041C54 /* CoreImage.framework */,
				EFC54781BE8CCAA79C833DF6 /* CoreLocation.framework */,
				CBC74AF895EFEC8A41B306EF /* CoreMedia.framework */,
				70D841DF804F0B99B5FD6F3F /* CoreTelephony.framework */,
				A73F4FEFA8743A04DB267FC3 /* EventKit.framework */,
				98DB4BD48480246CF0B331A8 /* EventKitUI.framework */,
				DF584170BE40141481AD35FA /* libc++.tbd */,
				B0744A00A1B7972058CDFE32 /* libsqlite3.tbd */,
				97014028A0DB0054D231DB2D /* libxml2.2.tbd */,
				2F2F479E8E82FDB69902AF16 /* libz.tbd */,
				37514364BC799701FE0EBEC4 /* MessageUI.framework */,
				095E499691D2E4D2535FE18F /* MobileCoreServices.framework */,
				51174DD28E4A7872987F5A45 /* Social.framework */,
				41ED4F97BCB08200CBE42EAC /* StoreKit.framework */,
				F6E64E0D994713F1FD2C258F /* SystemConfiguration.framework */,
				97604E8B9142E7B4376B4086 /* Twitter.framework */,
				8F45462FB6E280FF57753D4D /* WebKit.framework */,
				1BC94A92AF8C51E0ACB9B3F3 /* GameController.framework */,
			);
			runOnlyForDeploymentPostprocessing = 0;
		};
/* End PBXFrameworksBuildPhase section */

/* Begin PBXGroup section */
		21F24846961260582A9AE1DF /* plugin_appodeal_res_bundle */ = {
			isa = PBXGroup;
			children = (
				C0E446FAA7A972F2F32C6ECF /* vg_mute_off.png */,
				EB5049A59C65AD610267702C /* vg_mute_on.png */,
				F8C94B83A5B93F8ED5B563BB /* appodeal_adbadge@2x.png */,
				66F449A8B4C2BADA9D164514 /* __vungle.db */,
				A05048418171D5AAF7133CE6 /* appodeal_pattern.png */,
				00124BA1BE06EE30A379F429 /* appodeal_pattern@2x.png */,
				F8524CBCB48E2726156CBE15 /* appodeal_adbadge@3x.png */,
				374A4FB5AE3FD4A3E3029A8F /* vg_privacy.png */,
				0A424E6BB84C4B0860398BA3 /* appodeal_adbadge.png */,
				FBA0495C8DFF7728D39CC5FA /* MPAdBrowserController.nib */,
				94234F889A948F84C25DFAF8 /* MPCloseButtonX@3x.png */,
				8D93411595E50BDE7518B2B9 /* MPCloseButtonX@2x.png */,
				6A8E4870B6C88BE88DCCA8C8 /* vg_cta.png */,
				9A1548B987D1ED27549B748C /* MPDAAIcon@2x.png */,
				0F6C426D8B189EC387315287 /* vg_close.png */,
				A8034AC4B63625E341C1DEE9 /* MPDAAIcon@3x.png */,
				BF4B4A278F565C3413C4D156 /* MPDAAIcon.png */,
				53284D77899F3747224AA585 /* MPCloseButtonX.png */,
				76B5498FADD714289C2D58DF /* plugin_appodeal_res_bundle/MRAID.bundle/ */,
				610741A6A549FCD596B12EE7 /* plugin_appodeal_res_bundle/RFMAdSDK.bundle/ */,
				1396452E98627F957F272489 /* plugin_appodeal_res_bundle/StartApp.bundle/ */,
				75EE4A8CB180FB825F264FA2 /* plugin_appodeal_res_bundle/SVProgressHUD.bundle/ */,
				BC334370B369538A615D4C73 /* plugin_appodeal_res_bundle/TOWebViewControllerLocalizable.bundle/ */,
				BC1043DEA4F8D0794B1A17DA /* plugin_appodeal_res_bundle/UnityAds.bundle/ */,
				16C8438B974E88FDC6C200DF /* InfoPlist.strings */,
				D47B4B18A00900576A498A50 /* TOWebViewControllerLocalizable.strings */,
				DDA449F18227124F72F35971 /*  */,
				519B4F26927AC63FF3AD1B8D /*  */,
				0A5F41E886F452F7D4426C1D /*  */,
				10674212BA67651DDD9603AD /*  */,
				6ED84114B71842F12507AC5A /*  */,
				3160476D90092CD6F167F96E /*  */,
			);
			name = plugin_appodeal_res_bundle;
			path = plugin_appodeal_res_bundle/;
			sourceTree = SOURCE_ROOT;
		};
		2485499680A39A739A169A11 /* ios-libs */ = {
			isa = PBXGroup;
			children = (
				49544A22B47E46D2D56B2786 /* libcocos2d iOS.a */,
				50B24C369E60A2312B2B2253 /* libluacocos2d iOS.a */,
				9C144973908E80E9C400DB78 /* libsimulator iOS.a */,
			);
			name = ios-libs;
			sourceTree = "<group>";
		};
		5023810617EBBCAC00990C9B /* ios */ = {
			isa = PBXGroup;
			children = (
				521A8E6E19F0C3D200D177D7 /* Default-667h@2x.png */,
				521A8E6F19F0C3D200D177D7 /* Default-736h@3x.png */,
				5023810717EBBCAC00990C9B /* AppController.h */,
				5023810817EBBCAC00990C9B /* AppController.mm */,
				5023810917EBBCAC00990C9B /* Default-568h@2x.png */,
				5023810A17EBBCAC00990C9B /* Default.png */,
				5023810B17EBBCAC00990C9B /* Default@2x.png */,
				5091734A17ECE18300D62437 /* Icons */,
				5023811317EBBCAC00990C9B /* Info.plist */,
				5023811417EBBCAC00990C9B /* main.m */,
				5023811517EBBCAC00990C9B /* Prefix.pch */,
				5023811617EBBCAC00990C9B /* RootViewController.h */,
				5023811717EBBCAC00990C9B /* RootViewController.mm */,
			);
			path = ios;
			sourceTree = "<group>";
		};
		5023817117EBBE3400990C9B /* mac */ = {
			isa = PBXGroup;
			children = (
				87EB60271A7271B60085F57C /* ConsoleWindow.xib */,
				9FF504821A5E87B100AFDA55 /* ConsoleWindowController.h */,
				9FF504831A5E87B100AFDA55 /* ConsoleWindowController.m */,
				5023817217EBBE3400990C9B /* Icon.icns */,
				9FFC07341A4A764100AED399 /* MainMenu.xib */,
				C07828F418B4D72E00BD2287 /* main.m */,
				C07828F618B4D72E00BD2287 /* SimulatorApp.h */,
				C07828F718B4D72E00BD2287 /* SimulatorApp.mm */,
				5023817317EBBE3400990C9B /* Info.plist */,
				5023817517EBBE3400990C9B /* Prefix.pch */,
			);
			path = mac;
			sourceTree = "<group>";
		};
		5091734A17ECE18300D62437 /* Icons */ = {
			isa = PBXGroup;
			children = (
				5091733017ECE17A00D62437 /* Icon-29.png */,
				5091733117ECE17A00D62437 /* Icon-40.png */,
				5091733217ECE17A00D62437 /* Icon-50.png */,
				5091733317ECE17A00D62437 /* Icon-58.png */,
				5091733417ECE17A00D62437 /* Icon-80.png */,
				5091733517ECE17A00D62437 /* Icon-100.png */,
				5023810C17EBBCAC00990C9B /* Icon-114.png */,
				5023810D17EBBCAC00990C9B /* Icon-120.png */,
				5023810E17EBBCAC00990C9B /* Icon-144.png */,
				5023810F17EBBCAC00990C9B /* Icon-152.png */,
				5023811017EBBCAC00990C9B /* Icon-57.png */,
				5023811117EBBCAC00990C9B /* Icon-72.png */,
				5023811217EBBCAC00990C9B /* Icon-76.png */,
			);
			name = Icons;
			sourceTree = "<group>";
		};
		9FC7603E1A67791200D1E6E7 /* ide-support */ = {
			isa = PBXGroup;
			children = (
				9FC7603F1A67791200D1E6E7 /* CodeIDESupport.h */,
				9FC760401A67791200D1E6E7 /* lang */,
				9FC760411A67791200D1E6E7 /* SimpleConfigParser.cpp */,
				9FC760421A67791200D1E6E7 /* SimpleConfigParser.h */,
				9FB6C0691A69863D00945236 /* lua_debugger.c */,
				9FB6C06A1A69863D00945236 /* lua_debugger.h */,
				9FB6C06B1A69863D00945236 /* RuntimeLuaImpl.cpp */,
				9FB6C06C1A69863D00945236 /* RuntimeLuaImpl.h */,
			);
			name = ide-support;
			path = ../Classes/ide-support;
			sourceTree = "<group>";
		};
		CDB04419860A5F536C87A428 /* mac-libs */ = {
			isa = PBXGroup;
			children = (
				B6EA4C2085449D2D2147E22B /* libcocos2d Mac.a */,
				B2B745358ABB58026A260491 /* libluacocos2d Mac.a */,
				5D8B419AB57B2A84011B4759 /* libsimulator Mac.a */,
			);
			name = mac-libs;
			sourceTree = "<group>";
		};
		F293B3BD15EB7BE500256477 /*  */ = {
			isa = PBXGroup;
			children = (
				5023810617EBBCAC00990C9B /* ios */,
				5023817117EBBE3400990C9B /* mac */,
				F293BB7C15EB830F00256477 /* Classes */,
				F293B3CB15EB7BE500256477 /* Frameworks */,
				F293B3C915EB7BE500256477 /* Products */,
				F293BC4615EB859D00256477 /* Resources */,
				2485499680A39A739A169A11 /* ios-libs */,
				CDB04419860A5F536C87A428 /* mac-libs */,
				21F24846961260582A9AE1DF /* plugin_appodeal_res_bundle */,
			);
			sourceTree = "<group>";
		};
		F293B3C915EB7BE500256477 /* Products */ = {
			isa = PBXGroup;
			children = (
				F293B3C815EB7BE500256477 /* appodealLua iOS.app */,
				5023816B17EBBCE400990C9B /* appodealLua Mac.app */,
			);
			name = Products;
			sourceTree = "<group>";
		};
		F293B3CB15EB7BE500256477 /* Frameworks */ = {
			isa = PBXGroup;
			children = (
				DA9E7D871AB1ABCC004B27C8 /* Security.framework */,
				5200BEC91A53D9A500AC45E4 /* Security.framework */,
				3EEEDB60197107C0006A9FF8 /* MediaPlayer.framework */,
				3EB51526195187AF006966AA /* CFNetwork.framework */,
				15A8A4871834C90E00142BE0 /* libcurl.dylib */,
				D6B061341803AC000077942B /* CoreMotion.framework */,
				50D7C96F17EBBEEC005D0B91 /* IOKit.framework */,
				50D7C96D17EBBEE6005D0B91 /* AppKit.framework */,
				50D7C96B17EBBEDF005D0B91 /* OpenGL.framework */,
				50805AAE17EBBEAA004CFAD3 /* UIKit.framework */,
				5023817917EBBE8300990C9B /* OpenGLES.framework */,
				1AF4C402178663F200122817 /* libz.dylib */,
				15C1568D1683131500D239F2 /* libcurl.a */,
				F293B3CC15EB7BE500256477 /* QuartzCore.framework */,
				F293B3CE15EB7BE500256477 /* OpenGLES.framework */,
				F293B3D015EB7BE500256477 /* OpenAL.framework */,
				F293B3D215EB7BE500256477 /* AudioToolbox.framework */,
				F293B3D415EB7BE500256477 /* AVFoundation.framework */,
				F293B3D615EB7BE500256477 /* UIKit.framework */,
				F293B3D815EB7BE500256477 /* Foundation.framework */,
				F293B3DA15EB7BE500256477 /* CoreGraphics.framework */,
				F72A45E3A485D0B2DA7648CC /* sdkbox.framework */,
				CE284700A4F22C5AD88A8874 /* PluginAppodeal.framework */,
				0EB845B1945A8565F0C63BD7 /* Appodeal.framework */,
				DA2842D8BA140FABFCD02D1D /* AdSupport.framework */,
				05074E60892E81E43E7FF22C /* CoreFoundation.framework */,
				443F4C87A26943526AD878C2 /* CoreImage.framework */,
				49354C978391571AA57E0CEE /* CoreLocation.framework */,
				CE3D466488002474A7860064 /* CoreMedia.framework */,
				1A9B447DB7DD4E49594C159F /* CoreTelephony.framework */,
				58E743A6BF1F9778DFEDEAFC /* EventKit.framework */,
				26EC46889E79190ABA0B4250 /* EventKitUI.framework */,
				DD544698B789B0F22F783DED /* libc++.tbd */,
				7B0B432CABA02D777F3A59A9 /* libsqlite3.tbd */,
				599449EEB2FD95DA0B1FB0E8 /* libxml2.2.tbd */,
				0F85499B919EF84B3729B42C /* libz.tbd */,
				E073472EBEEF6BF7FA3CF9A7 /* MessageUI.framework */,
				5EBC4866AFA6AB3FD15D03C0 /* MobileCoreServices.framework */,
				7E734F33B59468363CAA7746 /* Social.framework */,
				AA4D4D0790EEAD4943650545 /* StoreKit.framework */,
				484247718C5369D5AD9F4E5D /* SystemConfiguration.framework */,
				85B841B0AE7E3D0F9FB23F8F /* Twitter.framework */,
				B4584B289223AF320F1CA84C /* WebKit.framework */,
				4D5B464EB4BA88FCC4C5A01A /* GameController.framework */,
			);
			name = Frameworks;
			sourceTree = "<group>";
		};
		F293BB7C15EB830F00256477 /* Classes */ = {
			isa = PBXGroup;
			children = (
				9FC7603E1A67791200D1E6E7 /* ide-support */,
				15427CE2198F237300DC375D /* lua_module_register.h */,
				F293BB7E15EB831F00256477 /* AppDelegate.cpp */,
				F293BB7F15EB831F00256477 /* AppDelegate.h */,
				96E54EBB9A442661729C277C /* PluginAppodealLua.hpp */,
				D4EE41A192D48EBEC1F6F85F /* PluginAppodealLua.cpp */,
				CDA3402FA2C1423D6A823BF8 /* PluginAppodealLuaHelper.h */,
				59BA49EFB96533B5B1C02267 /* PluginAppodealLuaHelper.cpp */,
				634348288B46DB830DED9DE0 /* SDKBoxLuaHelper.h */,
				85F742B08258109E51767654 /* SDKBoxLuaHelper.cpp */,
			);
			name = Classes;
			sourceTree = "<group>";
		};
		F293BC4615EB859D00256477 /* Resources */ = {
			isa = PBXGroup;
			children = (
				C05D1C111923449100B808A4 /* config.json */,
				C03781B718BF655400FE4F13 /* res */,
				C03781B818BF655400FE4F13 /* src */,
			);
			name = Resources;
			path = ../Resources;
			sourceTree = "<group>";
		};
/* End PBXGroup section */

/* Begin PBXNativeTarget section */
		5023812617EBBCE400990C9B /* appodealLua Mac */ = {
			isa = PBXNativeTarget;
			buildConfigurationList = 5023816817EBBCE400990C9B /* Build configuration list for PBXNativeTarget "appodealLua Mac" */;
			buildPhases = (
				5023813117EBBCE400990C9B /* Sources */,
				5023813617EBBCE400990C9B /* Frameworks */,
				5023814617EBBCE400990C9B /* Resources */,
			);
			buildRules = (
			);
			dependencies = (
				9FF505C11A5F0F0900AFDA55 /* libsimulator */,
			);
			name = "appodealLua Mac";
			productName = appodealLua;
			productReference = 5023816B17EBBCE400990C9B /* appodealLua Mac.app */;
			productType = com.apple.product-type.application;
		};
		F293B3C715EB7BE500256477 /* appodealLua iOS */ = {
			isa = PBXNativeTarget;
			buildConfigurationList = F293B6C415EB7BEA00256477 /* Build configuration list for PBXNativeTarget "appodealLua iOS" */;
			buildPhases = (
				F293B3C415EB7BE500256477 /* Sources */,
				F293B3C515EB7BE500256477 /* Frameworks */,
				F293B3C615EB7BE500256477 /* Resources */,
				3EC988201966433500A45E0E /* ShellScript */,
			);
			buildRules = (
			);
			dependencies = (
			);
			name = "appodealLua iOS";
			productName = appodealLua;
			productReference = F293B3C815EB7BE500256477 /* appodealLua iOS.app */;
			productType = com.apple.product-type.application;
		};
/* End PBXNativeTarget section */

/* Begin PBXProject section */
		F293B3BF15EB7BE500256477 /* Project Object */ = {
			isa = PBXProject;
			attributes = {
				LastUpgradeCheck = 0500;
				TargetAttributes = {
					F293B3C715EB7BE500256477 = {
						DevelopmentTeam = MDDB52YB8L;
					};
				};
			};
			buildConfigurationList = F293B3C215EB7BE500256477 /* Build configuration list for PBXNativeTarget "TARGET_NAME" */;
			compatibilityVersion = "Xcode 3.2";
			developmentRegion = English;
			hasScannedForEncodings = 0;
			knownRegions = (
				en,
				Base,
				zh-Hans,
			);
			mainGroup = F293B3BD15EB7BE500256477 /*  */;
			productRefGroup = F293B3C915EB7BE500256477 /* Products */;
			projectDirPath = "";
			projectRoot = "";
			targets = (
				F293B3C715EB7BE500256477 /* appodealLua iOS */,
				5023812617EBBCE400990C9B /* appodealLua Mac */,
			);
		};
/* End PBXProject section */

/* Begin PBXResourcesBuildPhase section */
		5023814617EBBCE400990C9B /* Resources */ = {
			isa = PBXResourcesBuildPhase;
			buildActionMask = 2147483647;
			files = (
				C03781BA18BF655400FE4F13 /* res */,
				C03781BC18BF655400FE4F13 /* src */,
				87EB60251A7271B60085F57C /* ConsoleWindow.xib */,
				9FC760431A67791200D1E6E7 /* lang */,
				5023817617EBBE3400990C9B /* Icon.icns */,
				9FFC07361A4A764100AED399 /* MainMenu.xib */,
				C05D1C131923449100B808A4 /* config.json */,
			);
			runOnlyForDeploymentPostprocessing = 0;
		};
		F293B3C615EB7BE500256477 /* Resources */ = {
			isa = PBXResourcesBuildPhase;
			buildActionMask = 2147483647;
			files = (
				15A8A4491834C64F00142BE0 /* Icon-114.png */,
				5023811D17EBBCAC00990C9B /* Icon-120.png */,
				5091733B17ECE17A00D62437 /* Icon-100.png */,
				5023811B17EBBCAC00990C9B /* Default@2x.png */,
				5091733617ECE17A00D62437 /* Icon-29.png */,
				5023811917EBBCAC00990C9B /* Default-568h@2x.png */,
				5091733917ECE17A00D62437 /* Icon-58.png */,
				5023811F17EBBCAC00990C9B /* Icon-152.png */,
				5023812017EBBCAC00990C9B /* Icon-57.png */,
				521A8E7019F0C3D200D177D7 /* Default-667h@2x.png */,
				C03781B918BF655400FE4F13 /* res */,
				5023812217EBBCAC00990C9B /* Icon-76.png */,
				5091733A17ECE17A00D62437 /* Icon-80.png */,
				5091733717ECE17A00D62437 /* Icon-40.png */,
				5023811E17EBBCAC00990C9B /* Icon-144.png */,
				5023811A17EBBCAC00990C9B /* Default.png */,
				C03781BB18BF655400FE4F13 /* src */,
				5091733817ECE17A00D62437 /* Icon-50.png */,
				5023812117EBBCAC00990C9B /* Icon-72.png */,
				C05D1C121923449100B808A4 /* config.json */,
				521A8E7119F0C3D200D177D7 /* Default-736h@3x.png */,
				42F948C29A87A3506C19D459 /* vg_mute_off.png */,
				FF76401995890F54C434A26D /* vg_mute_on.png */,
				363C49979C473FF417C89E4C /* appodeal_adbadge@2x.png */,
				F8434EBAB7E767A1F3F00A70 /* __vungle.db */,
				699D4F12A27D87E97968DCA1 /* appodeal_pattern.png */,
				602B4E948A70CA01D39B2690 /* appodeal_pattern@2x.png */,
				4EA24FB5A12AB233A72FFA7E /* appodeal_adbadge@3x.png */,
				889043D883372E8F86715ED5 /* vg_privacy.png */,
				89124326B7B3DD60496A4D71 /* appodeal_adbadge.png */,
				EFE64F3A90ACD812194FE991 /* MPAdBrowserController.nib */,
				A45B427D812C8AE8A6A9D58A /* MPCloseButtonX@3x.png */,
				F1E7472593C563DE0F64B732 /* MPCloseButtonX@2x.png */,
				690044D585915DCCE872C5EA /* vg_cta.png */,
				FAC148A1AF3CBB33880C2257 /* MPDAAIcon@2x.png */,
				A38C4429A67F9116188DCFF4 /* vg_close.png */,
				A0974812853448D5EDC96CED /* MPDAAIcon@3x.png */,
				FE3847A69A87466E987BAF1D /* MPDAAIcon.png */,
				C9464DD9A23C55184E38EEE6 /* MPCloseButtonX.png */,
				5AC8426980F384DC960D5855 /* plugin_appodeal_res_bundle/MRAID.bundle/ */,
				B48D425F8A78FE29BD6EB4E0 /* plugin_appodeal_res_bundle/RFMAdSDK.bundle/ */,
				4E3F43E6BC4599BD82F0AA23 /* plugin_appodeal_res_bundle/StartApp.bundle/ */,
				3CA84992A07581AB49196810 /* plugin_appodeal_res_bundle/SVProgressHUD.bundle/ */,
				12D14451946043DA61DEE2BD /* plugin_appodeal_res_bundle/TOWebViewControllerLocalizable.bundle/ */,
				9B094669B81B75587EA8FB0F /* plugin_appodeal_res_bundle/UnityAds.bundle/ */,
				FB1F46E6A1EBFC488A8596CB /* InfoPlist.strings */,
				68C84A3A814C3F7D7C787B94 /* TOWebViewControllerLocalizable.strings */,
				B0CA459D8A0228941D3ABE40 /*  */,
				D5A542958DA04EA14AB63306 /*  */,
				202D4140A33DE0EB8C11FCFA /*  */,
				0D314CD3985262AB247DEF67 /*  */,
				CC854017A745B5D2C16C44FA /*  */,
				95D944828016409C39D2B93F /*  */,
			);
			runOnlyForDeploymentPostprocessing = 0;
		};
/* End PBXResourcesBuildPhase section */

/* Begin PBXShellScriptBuildPhase section */
		3EC988201966433500A45E0E /* ShellScript */ = {
			isa = PBXShellScriptBuildPhase;
			buildActionMask = 2147483647;
			files = (
			);
			inputPaths = (
			);
			outputPaths = (
			);
			runOnlyForDeploymentPostprocessing = 0;
			shellPath = /bin/sh;
			shellScript = "find ${SRCROOT}/../../../src/ -name \"*\" -exec touch -cm {} \\;\nfind ${SRCROOT}/../../../res/ -name \"*\" -exec touch -cm {} \\;";
		};
/* End PBXShellScriptBuildPhase section */

/* Begin PBXSourcesBuildPhase section */
		5023813117EBBCE400990C9B /* Sources */ = {
			isa = PBXSourcesBuildPhase;
			buildActionMask = 2147483647;
			files = (
				C07828FA18B4D72E00BD2287 /* SimulatorApp.mm */,
				9FB6C06E1A69863D00945236 /* lua_debugger.c */,
				5023813317EBBCE400990C9B /* AppDelegate.cpp */,
				9FF504851A5E87B100AFDA55 /* ConsoleWindowController.m */,
				C07828F818B4D72E00BD2287 /* main.m */,
				9FB6C0701A69863D00945236 /* RuntimeLuaImpl.cpp */,
			);
			runOnlyForDeploymentPostprocessing = 0;
		};
		F293B3C415EB7BE500256477 /* Sources */ = {
			isa = PBXSourcesBuildPhase;
			buildActionMask = 2147483647;
			files = (
				871D36231AF0AF7F00EC122C /* lua_debugger.c */,
				9FC760451A677A4A00D1E6E7 /* SimpleConfigParser.cpp */,
				5023812517EBBCAC00990C9B /* RootViewController.mm */,
				F293BB9C15EB831F00256477 /* AppDelegate.cpp */,
				871D36221AF0AF6F00EC122C /* RuntimeLuaImpl.cpp */,
				9FB6C06D1A69863D00945236 /* lua_debugger.h */,
				5023812417EBBCAC00990C9B /* main.m */,
				9FB6C06F1A69863D00945236 /* RuntimeLuaImpl.h */,
				5023811817EBBCAC00990C9B /* AppController.mm */,
				89834102AF43C522EAC3B481 /* PluginAppodealLua.cpp */,
				F04244E7B146853B47B26629 /* PluginAppodealLuaHelper.cpp */,
				8B6048C6934322E1BA73D824 /* SDKBoxLuaHelper.cpp */,
			);
			runOnlyForDeploymentPostprocessing = 0;
		};
/* End PBXSourcesBuildPhase section */

/* Begin XCBuildConfiguration section */
		5023816917EBBCE400990C9B /* Debug */ = {
			isa = XCBuildConfiguration;
			buildSettings = {
				ALWAYS_SEARCH_USER_PATHS = YES;
				ARCHS = "$(ARCHS_STANDARD_64_BIT)";
				COMBINE_HIDPI_IMAGES = YES;
				CONFIGURATION_BUILD_DIR = ../../../runtime/mac;
				GCC_DYNAMIC_NO_PIC = NO;
				GCC_PRECOMPILE_PREFIX_HEADER = YES;
				GCC_PREFIX_HEADER = mac/Prefix.pch;
				GCC_PREPROCESSOR_DEFINITIONS = (
					GLFW_EXPOSE_NATIVE_COCOA,
					GLFW_EXPOSE_NATIVE_NSGL,
					CC_TARGET_OS_MAC,
					"$(inherited)",
				);
				HEADER_SEARCH_PATHS = (
					"$(SRCROOT)/../Classes",
					../../../../cocos2d-x-3.6-lib/tools/simulator/libsimulator/lib,
					../../../../cocos2d-x-3.6-lib/tools/simulator/libsimulator/lib/protobuf-lite,
				);
				INFOPLIST_FILE = mac/Info.plist;
				LIBRARY_SEARCH_PATHS = " ../../../../cocos2d-x-3.6-lib/prebuilt/mac";
				MACOSX_DEPLOYMENT_TARGET = 10.8;
				OTHER_LDFLAGS = (
					-image_base,
					100000000,
					-pagezero_size,
					10000,
					"$(_COCOS_LIB_MAC_BEGIN)",
					"$(_COCOS_LIB_MAC_END)",
				);
				SDKROOT = macosx;
				USER_HEADER_SEARCH_PATHS = "$(inherited) ../../../../cocos2d-x-3.6-lib/cocos/platform/mac ../../../../cocos2d-x-3.6-lib/external/glfw3/include/mac $(_COCOS_HEADER_MAC_BEGIN) $(_COCOS_HEADER_MAC_END)";
			};
			name = Debug;
		};
		5023816A17EBBCE400990C9B /* Release */ = {
			isa = XCBuildConfiguration;
			buildSettings = {
				ALWAYS_SEARCH_USER_PATHS = YES;
				ARCHS = "$(ARCHS_STANDARD_64_BIT)";
				COMBINE_HIDPI_IMAGES = YES;
				GCC_PRECOMPILE_PREFIX_HEADER = YES;
				GCC_PREFIX_HEADER = mac/Prefix.pch;
				GCC_PREPROCESSOR_DEFINITIONS = (
					GLFW_EXPOSE_NATIVE_COCOA,
					GLFW_EXPOSE_NATIVE_NSGL,
					CC_TARGET_OS_MAC,
					"$(inherited)",
				);
				HEADER_SEARCH_PATHS = (
					"$(SRCROOT)/../Classes",
					../../../../cocos2d-x-3.6-lib/tools/simulator/libsimulator/lib,
					../../../../cocos2d-x-3.6-lib/tools/simulator/libsimulator/lib/protobuf-lite,
				);
				INFOPLIST_FILE = mac/Info.plist;
				LIBRARY_SEARCH_PATHS = " ../../../../cocos2d-x-3.6-lib/prebuilt/mac";
				MACOSX_DEPLOYMENT_TARGET = 10.8;
				OTHER_LDFLAGS = (
					-image_base,
					100000000,
					-pagezero_size,
					10000,
					"$(_COCOS_LIB_MAC_BEGIN)",
					"$(_COCOS_LIB_MAC_END)",
				);
				SDKROOT = macosx;
				USER_HEADER_SEARCH_PATHS = "$(inherited) ../../../../cocos2d-x-3.6-lib/cocos/platform/mac ../../../../cocos2d-x-3.6-lib/external/glfw3/include/mac $(_COCOS_HEADER_MAC_BEGIN) $(_COCOS_HEADER_MAC_END)";
			};
			name = Release;
		};
		F293B6C215EB7BEA00256477 /* Debug */ = {
			isa = XCBuildConfiguration;
			buildSettings = {
				CLANG_CXX_LANGUAGE_STANDARD = "c++0x";
				CLANG_CXX_LIBRARY = "libc++";
				COPY_PHASE_STRIP = NO;
				GCC_C_LANGUAGE_STANDARD = c99;
				GCC_OPTIMIZATION_LEVEL = 0;
				GCC_PREPROCESSOR_DEFINITIONS = (
					DEBUG,
					"COCOS2D_DEBUG=1",
					USE_FILE32API,
					"CC_LUA_ENGINE_ENABLED=1",
					"CC_ENABLE_CHIPMUNK_INTEGRATION=1",
					GLFW_EXPOSE_NATIVE_COCOA,
				);
				GCC_SYMBOLS_PRIVATE_EXTERN = NO;
				GCC_WARN_ABOUT_RETURN_TYPE = YES;
				GCC_WARN_UNUSED_VARIABLE = YES;
				HEADER_SEARCH_PATHS = "";
				ONLY_ACTIVE_ARCH = YES;
				PRODUCT_NAME = "$(TARGET_NAME)";
				USER_HEADER_SEARCH_PATHS = "../../../../cocos2d-x-3.6-lib ../../../../cocos2d-x-3.6-lib/cocos ../../../../cocos2d-x-3.6-lib/cocos/base ../../../../cocos2d-x-3.6-lib/cocos/physics ../../../../cocos2d-x-3.6-lib/cocos/math/kazmath ../../../../cocos2d-x-3.6-lib/cocos/2d ../../../../cocos2d-x-3.6-lib/cocos/ui ../../../../cocos2d-x-3.6-lib/cocos/network ../../../../cocos2d-x-3.6-lib/cocos/audio/include ../../../../cocos2d-x-3.6-lib/cocos/editor-support ../../../../cocos2d-x-3.6-lib/extensions ../../../../cocos2d-x-3.6-lib/external ../../../../cocos2d-x-3.6-lib/external/chipmunk/include/chipmunk ../../../../cocos2d-x-3.6-lib/external/lua/luajit/include ../../../../cocos2d-x-3.6-lib/external/lua/tolua ../../../../cocos2d-x-3.6-lib/cocos/scripting/lua-bindings/manual ../../../../cocos2d-x-3.6-lib/cocos/scripting/lua-bindings/auto ../../../../cocos2d-x-3.6-lib/tools/simulator/libsimulator/lib ../../../../cocos2d-x-3.6-lib/tools/simulator/libsimulator/lib/protobuf-lite";
			};
			name = Debug;
		};
		F293B6C315EB7BEA00256477 /* Release */ = {
			isa = XCBuildConfiguration;
			buildSettings = {
				CLANG_CXX_LANGUAGE_STANDARD = "c++0x";
				CLANG_CXX_LIBRARY = "libc++";
				GCC_C_LANGUAGE_STANDARD = c99;
				GCC_PREPROCESSOR_DEFINITIONS = (
					NDEBUG,
					USE_FILE32API,
					"CC_LUA_ENGINE_ENABLED=1",
					"CC_ENABLE_CHIPMUNK_INTEGRATION=1",
				);
				GCC_WARN_ABOUT_RETURN_TYPE = YES;
				GCC_WARN_UNUSED_VARIABLE = YES;
				HEADER_SEARCH_PATHS = "";
				OTHER_CFLAGS = "-DNS_BLOCK_ASSERTIONS=1";
				PRODUCT_NAME = "$(TARGET_NAME)";
				USER_HEADER_SEARCH_PATHS = "../../../../cocos2d-x-3.6-lib ../../../../cocos2d-x-3.6-lib/cocos ../../../../cocos2d-x-3.6-lib/cocos/base ../../../../cocos2d-x-3.6-lib/cocos/physics ../../../../cocos2d-x-3.6-lib/cocos/math/kazmath ../../../../cocos2d-x-3.6-lib/cocos/2d ../../../../cocos2d-x-3.6-lib/cocos/ui ../../../../cocos2d-x-3.6-lib/cocos/network ../../../../cocos2d-x-3.6-lib/cocos/audio/include ../../../../cocos2d-x-3.6-lib/cocos/editor-support ../../../../cocos2d-x-3.6-lib/extensions ../../../../cocos2d-x-3.6-lib/external ../../../../cocos2d-x-3.6-lib/external/chipmunk/include/chipmunk ../../../../cocos2d-x-3.6-lib/external/lua/luajit/include ../../../../cocos2d-x-3.6-lib/external/lua/tolua ../../../../cocos2d-x-3.6-lib/cocos/scripting/lua-bindings/manual ../../../../cocos2d-x-3.6-lib/cocos/scripting/lua-bindings/auto ../../../../cocos2d-x-3.6-lib/tools/simulator/libsimulator/lib ../../../../cocos2d-x-3.6-lib/tools/simulator/libsimulator/lib/protobuf-lite";
				VALIDATE_PRODUCT = YES;
			};
			name = Release;
		};
		F293B6C515EB7BEA00256477 /* Debug */ = {
			isa = XCBuildConfiguration;
			buildSettings = {
				ALWAYS_SEARCH_USER_PATHS = YES;
				CODE_SIGN_IDENTITY = "iPhone Developer";
				COMPRESS_PNG_FILES = NO;
				FRAMEWORK_SEARCH_PATHS = "\"$(SRCROOT)\"";
				GCC_DYNAMIC_NO_PIC = NO;
				GCC_PRECOMPILE_PREFIX_HEADER = YES;
				GCC_PREFIX_HEADER = ios/Prefix.pch;
				GCC_PREPROCESSOR_DEFINITIONS = (
					CC_TARGET_OS_IPHONE,
					"$(inherited)",
				);
				HEADER_SEARCH_PATHS = (
					"$(SRCROOT)/../Classes",
					../../../../cocos2d-x-3.6-lib/tools/simulator/libsimulator/lib,
					../../../../cocos2d-x-3.6-lib/tools/simulator/libsimulator/lib/protobuf-lite,
				);
				INFOPLIST_FILE = ios/Info.plist;
				IPHONEOS_DEPLOYMENT_TARGET = 5.0;
				LIBRARY_SEARCH_PATHS = (
					../../../../cocos2d-x-3.6-lib/prebuilt/ios,
					"\"sdkbox.framework\"",
					"\"PluginAppodeal.framework\"",
					"\"Appodeal.framework\"",
				);
				OTHER_CFLAGS = -DSDKBOX_ENABLED;
				OTHER_LDFLAGS = (
					"$(_COCOS_LIB_IOS_BEGIN)",
					"$(_COCOS_LIB_IOS_END)",
					-ObjC,
				);
				"OTHER_LDFLAGS[sdk=iphonesimulator*][arch=x86_64]" = (
					"$(_COCOS_LIB_IOS_BEGIN)",
					"$(_COCOS_LIB_IOS_END)",
					-pagezero_size,
					10000,
					-image_base,
					100000000,
					-ObjC,
				);
				SDKROOT = iphoneos;
				TARGETED_DEVICE_FAMILY = "1,2";
				USER_HEADER_SEARCH_PATHS = "$(inherited) ../../../../cocos2d-x-3.6-lib/cocos/platform/ios $(_COCOS_HEADER_IOS_BEGIN) $(_COCOS_HEADER_IOS_END)";
				VALID_ARCHS = "arm64 armv7";
			};
			name = Debug;
		};
		F293B6C615EB7BEA00256477 /* Release */ = {
			isa = XCBuildConfiguration;
			buildSettings = {
				ALWAYS_SEARCH_USER_PATHS = YES;
				CODE_SIGN_IDENTITY = "iPhone Developer";
				COMPRESS_PNG_FILES = NO;
				FRAMEWORK_SEARCH_PATHS = "\"$(SRCROOT)\"";
				GCC_PRECOMPILE_PREFIX_HEADER = YES;
				GCC_PREFIX_HEADER = ios/Prefix.pch;
				GCC_PREPROCESSOR_DEFINITIONS = (
					CC_TARGET_OS_IPHONE,
					"$(inherited)",
				);
				HEADER_SEARCH_PATHS = (
					"$(SRCROOT)/../Classes/protobuf-lite",
					"$(SRCROOT)/../Classes",
					../../../../cocos2d-x-3.6-lib/tools/simulator/libsimulator/lib,
				);
				INFOPLIST_FILE = ios/Info.plist;
				IPHONEOS_DEPLOYMENT_TARGET = 5.0;
				LIBRARY_SEARCH_PATHS = (
					../../../../cocos2d-x-3.6-lib/prebuilt/ios,
					"\"sdkbox.framework\"",
					"\"PluginAppodeal.framework\"",
					"\"Appodeal.framework\"",
				);
				OTHER_CFLAGS = -DSDKBOX_ENABLED;
				OTHER_LDFLAGS = (
					"$(_COCOS_LIB_IOS_BEGIN)",
					"$(_COCOS_LIB_IOS_END)",
					-ObjC,
				);
				"OTHER_LDFLAGS[sdk=iphonesimulator*][arch=x86_64]" = (
					"$(_COCOS_LIB_IOS_BEGIN)",
					"$(_COCOS_LIB_IOS_END)",
					-pagezero_size,
					10000,
					-image_base,
					100000000,
					-ObjC,
				);
				SDKROOT = iphoneos;
				TARGETED_DEVICE_FAMILY = "1,2";
				USER_HEADER_SEARCH_PATHS = "$(inherited) ../../../../cocos2d-x-3.6-lib/cocos/platform/ios $(_COCOS_HEADER_IOS_BEGIN) $(_COCOS_HEADER_IOS_END)";
				VALID_ARCHS = "arm64 armv7";
			};
			name = Release;
		};
/* End XCBuildConfiguration section */

/* Begin XCConfigurationList section */
		5023816817EBBCE400990C9B /* Build configuration list for PBXNativeTarget "appodealLua Mac" */ = {
			isa = XCConfigurationList;
			buildConfigurations = (
				5023816917EBBCE400990C9B /* Debug */,
				5023816A17EBBCE400990C9B /* Release */,
			);
			defaultConfigurationIsVisible = 0;
			defaultConfigurationName = Release;
		};
		F293B3C215EB7BE500256477 /* Build configuration list for PBXNativeTarget "TARGET_NAME" */ = {
			isa = XCConfigurationList;
			buildConfigurations = (
				F293B6C215EB7BEA00256477 /* Debug */,
				F293B6C315EB7BEA00256477 /* Release */,
			);
			defaultConfigurationIsVisible = 0;
			defaultConfigurationName = Release;
		};
		F293B6C415EB7BEA00256477 /* Build configuration list for PBXNativeTarget "appodealLua iOS" */ = {
			isa = XCConfigurationList;
			buildConfigurations = (
				F293B6C515EB7BEA00256477 /* Debug */,
				F293B6C615EB7BEA00256477 /* Release */,
			);
			defaultConfigurationIsVisible = 0;
			defaultConfigurationName = Release;
		};
/* End XCConfigurationList section */

/* Begin PBXTargetDependency section */
		9FF505C11A5F0F0900AFDA55 /* libsimulator */ = {
			isa = PBXTargetDependency;
			name = libsimulator;
		};
/* End PBXTargetDependency section */

/* Begin PBXVariantGroup section */
		16C8438B974E88FDC6C200DF /* InfoPlist.strings */ = {
			isa = PBXVariantGroup;
			children = (
				21834910BA5D81A4CAF56B43 /* en */,
				D10E43C19B2FEE20672D5F85 /* en */,
				E36046EEB73AC9BDEF4A2E4C /* en */,
				C08F441E92424AA20732CE8A /* en */,
			);
			name = InfoPlist.strings;
			sourceTree = "<group>";
		};
		87EB60271A7271B60085F57C /* ConsoleWindow.xib */ = {
			isa = PBXVariantGroup;
			children = (
				87EB60261A7271B60085F57C /* Base */,
				87EB60281A7271C60085F57C /* zh-Hans */,
			);
			name = ConsoleWindow.xib;
			sourceTree = "<group>";
		};
		9FFC07341A4A764100AED399 /* MainMenu.xib */ = {
			isa = PBXVariantGroup;
			children = (
				9FFC07351A4A764100AED399 /* Base */,
				9FFC07371A4A765100AED399 /* zh-Hans */,
			);
			name = MainMenu.xib;
			sourceTree = "<group>";
		};
		D47B4B18A00900576A498A50 /* TOWebViewControllerLocalizable.strings */ = {
			isa = PBXVariantGroup;
			children = (
				C116448186F0A4C31C500290 /* de */,
				06784C2ABFB2951797A3AE30 /* en */,
				3D354B34BDD0C8B187532A71 /* es */,
				8F5F497984E79FC7A0DF5944 /* fr */,
				383942D79567EF92BE5F62E1 /* ja */,
				87D44C0E9A91C6F248981BCF /* ko */,
				B9B840088E640B1968D99EFC /* pl */,
				5D7340DE96F1647279FDE226 /* ru */,
				6F6B4D5A94CB2DF41D393469 /* uk */,
				6C1C4916951880D51A48204E /* zh-Hans */,
				C7A14F15935CDE4D4CE2155D /* zh-Hant */,
				4D5742E1A397574515331561 /* de */,
				AE694D4A8C3E921CB737E962 /* en */,
				A3784353AB38A3B0EF3A0C93 /* es */,
				A59240BA9B0B9DD1F54030B7 /* fr */,
				281848DEA539423775B01EED /* ja */,
				827248469CDFC5115D5910A6 /* ko */,
				02474E8DBA41B7E811A1793F /* pl */,
				570643EFA5A20C14FB8DCB69 /* ru */,
				F8C04D2BB453A46D0E4021B0 /* uk */,
				AA17456894569A05AF074514 /* zh-Hans */,
				7EEC47B3BDEF7E18FE166389 /* zh-Hant */,
			);
			name = TOWebViewControllerLocalizable.strings;
			sourceTree = "<group>";
		};
/* End PBXVariantGroup section */
	};
	rootObject = F293B3BF15EB7BE500256477 /* Project Object */;
}